// !$*UTF8*$!
{
	archiveVersion = 1;
	classes = {
	};
	objectVersion = 46;
	objects = {

/* Begin PBXBuildFile section */
		281724921806B3E700F2D250 /* Rating.m in Sources */ = {isa = PBXBuildFile; fileRef = 281724911806B3E700F2D250 /* Rating.m */; };
		281724951806B3E800F2D250 /* Faq.m in Sources */ = {isa = PBXBuildFile; fileRef = 281724941806B3E800F2D250 /* Faq.m */; };
		283B7D4317FB50C2005F40C7 /* Location.m in Sources */ = {isa = PBXBuildFile; fileRef = 283B7D4217FB50C2005F40C7 /* Location.m */; };
		283B7D4617FB50C3005F40C7 /* Topic.m in Sources */ = {isa = PBXBuildFile; fileRef = 283B7D4517FB50C3005F40C7 /* Topic.m */; };
		283B7D4917FB50C3005F40C7 /* Experience.m in Sources */ = {isa = PBXBuildFile; fileRef = 283B7D4817FB50C3005F40C7 /* Experience.m */; };
		283B7D4F17FB50C3005F40C7 /* JobTitle.m in Sources */ = {isa = PBXBuildFile; fileRef = 283B7D4E17FB50C3005F40C7 /* JobTitle.m */; };
		283B7D5217FB50C3005F40C7 /* OpenPosition.m in Sources */ = {isa = PBXBuildFile; fileRef = 283B7D5117FB50C3005F40C7 /* OpenPosition.m */; };
		283B7D5517FB50C3005F40C7 /* MyProfile.m in Sources */ = {isa = PBXBuildFile; fileRef = 283B7D5417FB50C3005F40C7 /* MyProfile.m */; };
		283B7D5B17FC1A91005F40C7 /* ProfileValidater.m in Sources */ = {isa = PBXBuildFile; fileRef = 283B7D5A17FC1A91005F40C7 /* ProfileValidater.m */; };
		283B7D5D17FC1AD5005F40C7 /* ValidaterTest.m in Sources */ = {isa = PBXBuildFile; fileRef = 283B7D5C17FC1AD5005F40C7 /* ValidaterTest.m */; };
		283B7D6017FDD36B005F40C7 /* Helper.m in Sources */ = {isa = PBXBuildFile; fileRef = 283B7D5F17FDD36B005F40C7 /* Helper.m */; };
		284FAF9117F2F1FD006C9359 /* NTTDataJobAppDatabase.xcdatamodel in Sources */ = {isa = PBXBuildFile; fileRef = 284FAF9017F2F1FD006C9359 /* NTTDataJobAppDatabase.xcdatamodel */; };
		288E4EDE18B51CE600E2CB3E /* linkedin.png in Resources */ = {isa = PBXBuildFile; fileRef = 288E4EDD18B51CE600E2CB3E /* linkedin.png */; };
		288E4EE118B5787A00E2CB3E /* XNGLoginWebViewController.m in Sources */ = {isa = PBXBuildFile; fileRef = 288E4EE018B5787A00E2CB3E /* XNGLoginWebViewController.m */; };
		28904F7C17EFBB1F00C2B733 /* CoreDataManagerTest.m in Sources */ = {isa = PBXBuildFile; fileRef = 28904F7B17EFBB1F00C2B733 /* CoreDataManagerTest.m */; };
		28BB7A3A18AB84DE002BC54B /* XNGAPIClient.m in Sources */ = {isa = PBXBuildFile; fileRef = 28BB7A3718AB84DE002BC54B /* XNGAPIClient.m */; };
		28BB7A3B18AB84DE002BC54B /* XNGAPIClient+UserProfiles.m in Sources */ = {isa = PBXBuildFile; fileRef = 28BB7A3918AB84DE002BC54B /* XNGAPIClient+UserProfiles.m */; };
		28BB7A4018AC34A3002BC54B /* SSKeychain.m in Sources */ = {isa = PBXBuildFile; fileRef = 28BB7A3D18AC34A3002BC54B /* SSKeychain.m */; };
		28BB7A4118AC34A3002BC54B /* SSKeychainQuery.m in Sources */ = {isa = PBXBuildFile; fileRef = 28BB7A3F18AC34A3002BC54B /* SSKeychainQuery.m */; };
		28BB7A4418AC34AF002BC54B /* AFOAuth1Client.m in Sources */ = {isa = PBXBuildFile; fileRef = 28BB7A4318AC34AF002BC54B /* AFOAuth1Client.m */; };
		28BB7A5818AC34C7002BC54B /* AFHTTPClient.m in Sources */ = {isa = PBXBuildFile; fileRef = 28BB7A4618AC34C7002BC54B /* AFHTTPClient.m */; };
		28BB7A5918AC34C7002BC54B /* AFHTTPRequestOperation.m in Sources */ = {isa = PBXBuildFile; fileRef = 28BB7A4818AC34C7002BC54B /* AFHTTPRequestOperation.m */; };
		28BB7A5A18AC34C7002BC54B /* AFImageRequestOperation.m in Sources */ = {isa = PBXBuildFile; fileRef = 28BB7A4A18AC34C7002BC54B /* AFImageRequestOperation.m */; };
		28BB7A5B18AC34C7002BC54B /* AFJSONRequestOperation.m in Sources */ = {isa = PBXBuildFile; fileRef = 28BB7A4C18AC34C7002BC54B /* AFJSONRequestOperation.m */; };
		28BB7A5C18AC34C7002BC54B /* AFNetworkActivityIndicatorManager.m in Sources */ = {isa = PBXBuildFile; fileRef = 28BB7A4E18AC34C7002BC54B /* AFNetworkActivityIndicatorManager.m */; };
		28BB7A5D18AC34C7002BC54B /* AFPropertyListRequestOperation.m in Sources */ = {isa = PBXBuildFile; fileRef = 28BB7A5118AC34C7002BC54B /* AFPropertyListRequestOperation.m */; };
		28BB7A5E18AC34C7002BC54B /* AFURLConnectionOperation.m in Sources */ = {isa = PBXBuildFile; fileRef = 28BB7A5318AC34C7002BC54B /* AFURLConnectionOperation.m */; };
		28BB7A5F18AC34C7002BC54B /* AFXMLRequestOperation.m in Sources */ = {isa = PBXBuildFile; fileRef = 28BB7A5518AC34C7002BC54B /* AFXMLRequestOperation.m */; };
		28BB7A6018AC34C7002BC54B /* UIImageView+AFNetworking.m in Sources */ = {isa = PBXBuildFile; fileRef = 28BB7A5718AC34C7002BC54B /* UIImageView+AFNetworking.m */; };
		28BB7A6218AC359A002BC54B /* MobileCoreServices.framework in Frameworks */ = {isa = PBXBuildFile; fileRef = 28BB7A6118AC359A002BC54B /* MobileCoreServices.framework */; };
		28BB7A6418AC35AD002BC54B /* SystemConfiguration.framework in Frameworks */ = {isa = PBXBuildFile; fileRef = 28BB7A6318AC35AD002BC54B /* SystemConfiguration.framework */; };
		28BB7A6F18AC361D002BC54B /* NSDictionary+Typecheck.m in Sources */ = {isa = PBXBuildFile; fileRef = 28BB7A6618AC361D002BC54B /* NSDictionary+Typecheck.m */; };
		28BB7A7018AC361D002BC54B /* NSString+URLEncoding.m in Sources */ = {isa = PBXBuildFile; fileRef = 28BB7A6818AC361D002BC54B /* NSString+URLEncoding.m */; };
		28BB7A7118AC361D002BC54B /* XNGJSONRequestOperation.m in Sources */ = {isa = PBXBuildFile; fileRef = 28BB7A6A18AC361D002BC54B /* XNGJSONRequestOperation.m */; };
		28BB7A7218AC361D002BC54B /* XNGOAuthHandler.m in Sources */ = {isa = PBXBuildFile; fileRef = 28BB7A6C18AC361D002BC54B /* XNGOAuthHandler.m */; };
		28BB7A7318AC361D002BC54B /* NSError+XWS.m in Sources */ = {isa = PBXBuildFile; fileRef = 28BB7A6E18AC361D002BC54B /* NSError+XWS.m */; };
		28BDF247180357C500132948 /* SBJsonParser.m in Sources */ = {isa = PBXBuildFile; fileRef = 28BDF234180357C500132948 /* SBJsonParser.m */; };
		28BDF248180357C500132948 /* SBJsonStreamParser.m in Sources */ = {isa = PBXBuildFile; fileRef = 28BDF236180357C500132948 /* SBJsonStreamParser.m */; };
		28BDF249180357C500132948 /* SBJsonStreamParserAccumulator.m in Sources */ = {isa = PBXBuildFile; fileRef = 28BDF238180357C500132948 /* SBJsonStreamParserAccumulator.m */; };
		28BDF24A180357C500132948 /* SBJsonStreamParserAdapter.m in Sources */ = {isa = PBXBuildFile; fileRef = 28BDF23A180357C500132948 /* SBJsonStreamParserAdapter.m */; };
		28BDF24B180357C500132948 /* SBJsonStreamParserState.m in Sources */ = {isa = PBXBuildFile; fileRef = 28BDF23C180357C500132948 /* SBJsonStreamParserState.m */; };
		28BDF24C180357C500132948 /* SBJsonStreamTokeniser.m in Sources */ = {isa = PBXBuildFile; fileRef = 28BDF23E180357C500132948 /* SBJsonStreamTokeniser.m */; };
		28BDF24D180357C500132948 /* SBJsonStreamWriter.m in Sources */ = {isa = PBXBuildFile; fileRef = 28BDF240180357C500132948 /* SBJsonStreamWriter.m */; };
		28BDF24E180357C500132948 /* SBJsonStreamWriterAccumulator.m in Sources */ = {isa = PBXBuildFile; fileRef = 28BDF242180357C500132948 /* SBJsonStreamWriterAccumulator.m */; };
		28BDF24F180357C500132948 /* SBJsonStreamWriterState.m in Sources */ = {isa = PBXBuildFile; fileRef = 28BDF244180357C500132948 /* SBJsonStreamWriterState.m */; };
		28BDF250180357C500132948 /* SBJsonWriter.m in Sources */ = {isa = PBXBuildFile; fileRef = 28BDF246180357C500132948 /* SBJsonWriter.m */; };
		28D8117118187C7B00DC5145 /* DropboxSDK.framework in Frameworks */ = {isa = PBXBuildFile; fileRef = 28D8117018187C7B00DC5145 /* DropboxSDK.framework */; };
		28E44A9A17E3C5510084543B /* UIKit.framework in Frameworks */ = {isa = PBXBuildFile; fileRef = 28E44A9917E3C5510084543B /* UIKit.framework */; };
		28E44A9C17E3C5510084543B /* Foundation.framework in Frameworks */ = {isa = PBXBuildFile; fileRef = 28E44A9B17E3C5510084543B /* Foundation.framework */; };
		28E44A9E17E3C5510084543B /* CoreGraphics.framework in Frameworks */ = {isa = PBXBuildFile; fileRef = 28E44A9D17E3C5510084543B /* CoreGraphics.framework */; };
		28E44AA417E3C5510084543B /* InfoPlist.strings in Resources */ = {isa = PBXBuildFile; fileRef = 28E44AA217E3C5510084543B /* InfoPlist.strings */; };
		28E44AA617E3C5510084543B /* main.m in Sources */ = {isa = PBXBuildFile; fileRef = 28E44AA517E3C5510084543B /* main.m */; };
		28E44AAC17E3C5510084543B /* Default.png in Resources */ = {isa = PBXBuildFile; fileRef = 28E44AAB17E3C5510084543B /* Default.png */; };
		28E44AAE17E3C5510084543B /* Default@2x.png in Resources */ = {isa = PBXBuildFile; fileRef = 28E44AAD17E3C5510084543B /* Default@2x.png */; };
		28E44AB017E3C5510084543B /* Default-568h@2x.png in Resources */ = {isa = PBXBuildFile; fileRef = 28E44AAF17E3C5510084543B /* Default-568h@2x.png */; };
		28E44ABF17E3C5510084543B /* UIKit.framework in Frameworks */ = {isa = PBXBuildFile; fileRef = 28E44A9917E3C5510084543B /* UIKit.framework */; };
		28E44AC017E3C5510084543B /* Foundation.framework in Frameworks */ = {isa = PBXBuildFile; fileRef = 28E44A9B17E3C5510084543B /* Foundation.framework */; };
		28E44AC817E3C5510084543B /* InfoPlist.strings in Resources */ = {isa = PBXBuildFile; fileRef = 28E44AC617E3C5510084543B /* InfoPlist.strings */; };
		28E44ADD17E3C5810084543B /* OSConnectionManager.m in Sources */ = {isa = PBXBuildFile; fileRef = 28E44AD917E3C5810084543B /* OSConnectionManager.m */; };
		28E44ADE17E3C5810084543B /* OSURLHelper.m in Sources */ = {isa = PBXBuildFile; fileRef = 28E44ADB17E3C5810084543B /* OSURLHelper.m */; };
		28E44B2917E3C6CB0084543B /* FoundPositionDetailViewController.m in Sources */ = {isa = PBXBuildFile; fileRef = 28E44B2217E3C6CB0084543B /* FoundPositionDetailViewController.m */; };
		28E44B2A17E3C6CB0084543B /* FoundPositionsOverviewViewController.m in Sources */ = {isa = PBXBuildFile; fileRef = 28E44B2417E3C6CB0084543B /* FoundPositionsOverviewViewController.m */; };
		28E44B2B17E3C6CB0084543B /* JobProposalViewController.m in Sources */ = {isa = PBXBuildFile; fileRef = 28E44B2617E3C6CB0084543B /* JobProposalViewController.m */; };
		28E44B2C17E3C6CB0084543B /* JobSearchViewController.m in Sources */ = {isa = PBXBuildFile; fileRef = 28E44B2817E3C6CB0084543B /* JobSearchViewController.m */; };
		28E44B2E17E3C6D50084543B /* MainStoryboard.storyboard in Resources */ = {isa = PBXBuildFile; fileRef = 28E44B2D17E3C6D50084543B /* MainStoryboard.storyboard */; };
		28E44B3017E3C75A0084543B /* CoreData.framework in Frameworks */ = {isa = PBXBuildFile; fileRef = 28E44B2F17E3C75A0084543B /* CoreData.framework */; };
		28E44B3217E3C7600084543B /* MessageUI.framework in Frameworks */ = {isa = PBXBuildFile; fileRef = 28E44B3117E3C7600084543B /* MessageUI.framework */; };
		28E44B3517E3C7A30084543B /* AppDelegate.m in Sources */ = {isa = PBXBuildFile; fileRef = 28E44B3417E3C7A30084543B /* AppDelegate.m */; };
		28E44B3617E3C8240084543B /* CoreData.framework in Frameworks */ = {isa = PBXBuildFile; fileRef = 28E44B2F17E3C75A0084543B /* CoreData.framework */; };
		28E676D5181C574B0048ADF4 /* SelectedFilesViewController.m in Sources */ = {isa = PBXBuildFile; fileRef = 28E676D4181C574B0048ADF4 /* SelectedFilesViewController.m */; };
		28E676D7181C58040048ADF4 /* DBChooser.framework in Frameworks */ = {isa = PBXBuildFile; fileRef = 28E676D6181C58040048ADF4 /* DBChooser.framework */; };
		28EAC95717F2F0140089467C /* DatabaseManager.m in Sources */ = {isa = PBXBuildFile; fileRef = 28EAC95017F2F0140089467C /* DatabaseManager.m */; };
		28FE35AC18B2D425006264C6 /* Application.m in Sources */ = {isa = PBXBuildFile; fileRef = 28FE35AB18B2D425006264C6 /* Application.m */; };
		3291990618111B65000FBAE3 /* Security.framework in Frameworks */ = {isa = PBXBuildFile; fileRef = 3291990518111B65000FBAE3 /* Security.framework */; };
		329456FC1832CDBB0043D153 /* Filter.m in Sources */ = {isa = PBXBuildFile; fileRef = 329456FB1832CDBB0043D153 /* Filter.m */; };
		329703BB181151770095799F /* DBLogo.png in Resources */ = {isa = PBXBuildFile; fileRef = 329703BA181151770095799F /* DBLogo.png */; };
		329703C31811680E0095799F /* DropBoxViewController.m in Sources */ = {isa = PBXBuildFile; fileRef = 329703C21811680E0095799F /* DropBoxViewController.m */; };
		3299B1AD18BC9D5B00DD2CE3 /* NotificationProcessing.m in Sources */ = {isa = PBXBuildFile; fileRef = 3299B1AC18BC9D5B00DD2CE3 /* NotificationProcessing.m */; };
		80172A6F17EC949600538821 /* ApplicationViewController.m in Sources */ = {isa = PBXBuildFile; fileRef = 80172A6E17EC949600538821 /* ApplicationViewController.m */; };
		80E16671181712D40091BC92 /* search.png in Resources */ = {isa = PBXBuildFile; fileRef = 80E16670181712D40091BC92 /* search.png */; };
		80E16673181714EA0091BC92 /* phone-book.png in Resources */ = {isa = PBXBuildFile; fileRef = 80E16672181714EA0091BC92 /* phone-book.png */; };
		80E166751817154A0091BC92 /* question.png in Resources */ = {isa = PBXBuildFile; fileRef = 80E166741817154A0091BC92 /* question.png */; };
		9A187E0217FB3C710097650D /* MyApplicationsViewController.m in Sources */ = {isa = PBXBuildFile; fileRef = 9A187E0117FB3C710097650D /* MyApplicationsViewController.m */; };
		9A44D09118284A26003CE0F0 /* save.png in Resources */ = {isa = PBXBuildFile; fileRef = 9A44D09018284A26003CE0F0 /* save.png */; };
		9A514A3717FCD4460039553D /* MyProfileViewController.m in Sources */ = {isa = PBXBuildFile; fileRef = 9A514A3617FCD4460039553D /* MyProfileViewController.m */; };
		9A86A23117F23A41009F8DA3 /* FreeTextSearchViewController.m in Sources */ = {isa = PBXBuildFile; fileRef = 9A86A23017F23A41009F8DA3 /* FreeTextSearchViewController.m */; };
		9A89305A1811BA01005B03DC /* QuartzCore.framework in Frameworks */ = {isa = PBXBuildFile; fileRef = 9A8930591811BA01005B03DC /* QuartzCore.framework */; };
		9A8E480C1838214600344C40 /* star_full.png in Resources */ = {isa = PBXBuildFile; fileRef = 9A8E480A1838214600344C40 /* star_full.png */; };
		9A8E480E1838260300344C40 /* star_empty.png in Resources */ = {isa = PBXBuildFile; fileRef = 9A8E480D1838260300344C40 /* star_empty.png */; };
		9A8EE6E918257EB100E4F2FA /* MyFilterSetsViewController.m in Sources */ = {isa = PBXBuildFile; fileRef = 9A8EE6E818257EB100E4F2FA /* MyFilterSetsViewController.m */; };
		9A911ECA17FCDE4B004DFBD0 /* FAQViewController.m in Sources */ = {isa = PBXBuildFile; fileRef = 9A911EC917FCDE4B004DFBD0 /* FAQViewController.m */; };
		9A911ECD17FCDE72004DFBD0 /* AnswerViewController.m in Sources */ = {isa = PBXBuildFile; fileRef = 9A911ECC17FCDE72004DFBD0 /* AnswerViewController.m */; };
		9A95DA2718356DED008AC7AD /* JVFloatLabeledTextField.m in Sources */ = {isa = PBXBuildFile; fileRef = 9A95DA2518356CC7008AC7AD /* JVFloatLabeledTextField.m */; };
		9AA47B581831833400044D11 /* images.png in Resources */ = {isa = PBXBuildFile; fileRef = 9AA47B571831833400044D11 /* images.png */; };
		9AD746F518128F350020C2E4 /* facebook-twitter.png in Resources */ = {isa = PBXBuildFile; fileRef = 9AD746F418128F350020C2E4 /* facebook-twitter.png */; };
		C60C02531811E0C80055951E /* Social.framework in Frameworks */ = {isa = PBXBuildFile; fileRef = C60C02521811E0C80055951E /* Social.framework */; };
		C65919D9181DD1F800366A0D /* Twitter.png in Resources */ = {isa = PBXBuildFile; fileRef = C65919D8181DD1F800366A0D /* Twitter.png */; };
		C65919DB181DD3B300366A0D /* Facebook.png in Resources */ = {isa = PBXBuildFile; fileRef = C65919DA181DD3B300366A0D /* Facebook.png */; };
		C695479C18A1ABC800461ED4 /* TutorialViewController.m in Sources */ = {isa = PBXBuildFile; fileRef = C695479B18A1ABC800461ED4 /* TutorialViewController.m */; };
		C695479F18A1AC4200461ED4 /* AppSettingsHelper.m in Sources */ = {isa = PBXBuildFile; fileRef = C695479E18A1AC4200461ED4 /* AppSettingsHelper.m */; };
		C69547AA18A1B55500461ED4 /* 1.png in Resources */ = {isa = PBXBuildFile; fileRef = C69547A018A1B55500461ED4 /* 1.png */; };
		C69547AB18A1B55500461ED4 /* 2.png in Resources */ = {isa = PBXBuildFile; fileRef = C69547A118A1B55500461ED4 /* 2.png */; };
		C69547AC18A1B55500461ED4 /* 3.png in Resources */ = {isa = PBXBuildFile; fileRef = C69547A218A1B55500461ED4 /* 3.png */; };
		C69547AD18A1B55500461ED4 /* 4.png in Resources */ = {isa = PBXBuildFile; fileRef = C69547A318A1B55500461ED4 /* 4.png */; };
		C69547AE18A1B55500461ED4 /* 5.png in Resources */ = {isa = PBXBuildFile; fileRef = C69547A418A1B55500461ED4 /* 5.png */; };
		C69547AF18A1B55500461ED4 /* 6.png in Resources */ = {isa = PBXBuildFile; fileRef = C69547A518A1B55500461ED4 /* 6.png */; };
		C69547B018A1B55500461ED4 /* 7.png in Resources */ = {isa = PBXBuildFile; fileRef = C69547A618A1B55500461ED4 /* 7.png */; };
		C69547B118A1B55500461ED4 /* 8.png in Resources */ = {isa = PBXBuildFile; fileRef = C69547A718A1B55500461ED4 /* 8.png */; };
		C69547B218A1B55500461ED4 /* 9.png in Resources */ = {isa = PBXBuildFile; fileRef = C69547A818A1B55500461ED4 /* 9.png */; };
		C69547B318A1B55500461ED4 /* 10.png in Resources */ = {isa = PBXBuildFile; fileRef = C69547A918A1B55500461ED4 /* 10.png */; };
		C69547B518A1B5C300461ED4 /* 9250.png in Resources */ = {isa = PBXBuildFile; fileRef = C69547B418A1B5C300461ED4 /* 9250.png */; };
		C6DC690E182715EF0086B32A /* Images.xcassets in Resources */ = {isa = PBXBuildFile; fileRef = C6DC690D182715EF0086B32A /* Images.xcassets */; };
		C6E3F70E1828667400D07BEB /* icon ios 5,6 57pt.png in Resources */ = {isa = PBXBuildFile; fileRef = C6E3F7081828667400D07BEB /* icon ios 5,6 57pt.png */; };
		C6E3F70F1828667400D07BEB /* icon spotlight ios7 40pt.png in Resources */ = {isa = PBXBuildFile; fileRef = C6E3F7091828667400D07BEB /* icon spotlight ios7 40pt.png */; };
		C6E3F7101828667400D07BEB /* icon settings ios5-7 29pt.png in Resources */ = {isa = PBXBuildFile; fileRef = C6E3F70A1828667400D07BEB /* icon settings ios5-7 29pt.png */; };
		C6E3F7111828667400D07BEB /* icon soptlightios5,6 29pt.png in Resources */ = {isa = PBXBuildFile; fileRef = C6E3F70B1828667400D07BEB /* icon soptlightios5,6 29pt.png */; };
		C6E3F7121828667400D07BEB /* icon ios7 60pt.png in Resources */ = {isa = PBXBuildFile; fileRef = C6E3F70C1828667400D07BEB /* icon ios7 60pt.png */; };
		C6E3F7131828667400D07BEB /* icon ios5,6 57pt.png in Resources */ = {isa = PBXBuildFile; fileRef = C6E3F70D1828667400D07BEB /* icon ios5,6 57pt.png */; };
/* End PBXBuildFile section */

/* Begin PBXContainerItemProxy section */
		28E44AC117E3C5510084543B /* PBXContainerItemProxy */ = {
			isa = PBXContainerItemProxy;
			containerPortal = 28E44A8E17E3C5510084543B /* Project object */;
			proxyType = 1;
			remoteGlobalIDString = 28E44A9517E3C5510084543B;
			remoteInfo = "NTT Data Job Application App";
		};
/* End PBXContainerItemProxy section */

/* Begin PBXFileReference section */
		281724901806B3E700F2D250 /* Rating.h */ = {isa = PBXFileReference; fileEncoding = 4; lastKnownFileType = sourcecode.c.h; name = Rating.h; path = "NTT Data Job Application App/Model/Rating.h"; sourceTree = SOURCE_ROOT; };
		281724911806B3E700F2D250 /* Rating.m */ = {isa = PBXFileReference; fileEncoding = 4; lastKnownFileType = sourcecode.c.objc; name = Rating.m; path = "NTT Data Job Application App/Model/Rating.m"; sourceTree = SOURCE_ROOT; };
		281724931806B3E800F2D250 /* Faq.h */ = {isa = PBXFileReference; fileEncoding = 4; lastKnownFileType = sourcecode.c.h; name = Faq.h; path = "NTT Data Job Application App/Model/Faq.h"; sourceTree = SOURCE_ROOT; };
		281724941806B3E800F2D250 /* Faq.m */ = {isa = PBXFileReference; fileEncoding = 4; lastKnownFileType = sourcecode.c.objc; name = Faq.m; path = "NTT Data Job Application App/Model/Faq.m"; sourceTree = SOURCE_ROOT; };
		283B7D4117FB50C2005F40C7 /* Location.h */ = {isa = PBXFileReference; fileEncoding = 4; lastKnownFileType = sourcecode.c.h; name = Location.h; path = "NTT Data Job Application App/Model/Location.h"; sourceTree = SOURCE_ROOT; };
		283B7D4217FB50C2005F40C7 /* Location.m */ = {isa = PBXFileReference; fileEncoding = 4; lastKnownFileType = sourcecode.c.objc; name = Location.m; path = "NTT Data Job Application App/Model/Location.m"; sourceTree = SOURCE_ROOT; };
		283B7D4417FB50C3005F40C7 /* Topic.h */ = {isa = PBXFileReference; fileEncoding = 4; lastKnownFileType = sourcecode.c.h; name = Topic.h; path = "NTT Data Job Application App/Model/Topic.h"; sourceTree = SOURCE_ROOT; };
		283B7D4517FB50C3005F40C7 /* Topic.m */ = {isa = PBXFileReference; fileEncoding = 4; lastKnownFileType = sourcecode.c.objc; name = Topic.m; path = "NTT Data Job Application App/Model/Topic.m"; sourceTree = SOURCE_ROOT; };
		283B7D4717FB50C3005F40C7 /* Experience.h */ = {isa = PBXFileReference; fileEncoding = 4; lastKnownFileType = sourcecode.c.h; name = Experience.h; path = "NTT Data Job Application App/Model/Experience.h"; sourceTree = SOURCE_ROOT; };
		283B7D4817FB50C3005F40C7 /* Experience.m */ = {isa = PBXFileReference; fileEncoding = 4; lastKnownFileType = sourcecode.c.objc; name = Experience.m; path = "NTT Data Job Application App/Model/Experience.m"; sourceTree = SOURCE_ROOT; };
		283B7D4D17FB50C3005F40C7 /* JobTitle.h */ = {isa = PBXFileReference; fileEncoding = 4; lastKnownFileType = sourcecode.c.h; name = JobTitle.h; path = "NTT Data Job Application App/Model/JobTitle.h"; sourceTree = SOURCE_ROOT; };
		283B7D4E17FB50C3005F40C7 /* JobTitle.m */ = {isa = PBXFileReference; fileEncoding = 4; lastKnownFileType = sourcecode.c.objc; name = JobTitle.m; path = "NTT Data Job Application App/Model/JobTitle.m"; sourceTree = SOURCE_ROOT; };
		283B7D5017FB50C3005F40C7 /* OpenPosition.h */ = {isa = PBXFileReference; fileEncoding = 4; lastKnownFileType = sourcecode.c.h; name = OpenPosition.h; path = "NTT Data Job Application App/Model/OpenPosition.h"; sourceTree = SOURCE_ROOT; };
		283B7D5117FB50C3005F40C7 /* OpenPosition.m */ = {isa = PBXFileReference; fileEncoding = 4; lastKnownFileType = sourcecode.c.objc; name = OpenPosition.m; path = "NTT Data Job Application App/Model/OpenPosition.m"; sourceTree = SOURCE_ROOT; };
		283B7D5317FB50C3005F40C7 /* MyProfile.h */ = {isa = PBXFileReference; fileEncoding = 4; lastKnownFileType = sourcecode.c.h; name = MyProfile.h; path = "NTT Data Job Application App/Model/MyProfile.h"; sourceTree = SOURCE_ROOT; };
		283B7D5417FB50C3005F40C7 /* MyProfile.m */ = {isa = PBXFileReference; fileEncoding = 4; lastKnownFileType = sourcecode.c.objc; name = MyProfile.m; path = "NTT Data Job Application App/Model/MyProfile.m"; sourceTree = SOURCE_ROOT; };
		283B7D5917FC1A91005F40C7 /* ProfileValidater.h */ = {isa = PBXFileReference; fileEncoding = 4; lastKnownFileType = sourcecode.c.h; name = ProfileValidater.h; path = "NTT Data Job Application App/Model/ProfileValidater.h"; sourceTree = SOURCE_ROOT; };
		283B7D5A17FC1A91005F40C7 /* ProfileValidater.m */ = {isa = PBXFileReference; fileEncoding = 4; lastKnownFileType = sourcecode.c.objc; name = ProfileValidater.m; path = "NTT Data Job Application App/Model/ProfileValidater.m"; sourceTree = SOURCE_ROOT; };
		283B7D5C17FC1AD5005F40C7 /* ValidaterTest.m */ = {isa = PBXFileReference; fileEncoding = 4; lastKnownFileType = sourcecode.c.objc; path = ValidaterTest.m; sourceTree = "<group>"; };
		283B7D5E17FDD36B005F40C7 /* Helper.h */ = {isa = PBXFileReference; fileEncoding = 4; lastKnownFileType = sourcecode.c.h; name = Helper.h; path = "NTT Data Job Application App/Model/Helper.h"; sourceTree = SOURCE_ROOT; };
		283B7D5F17FDD36B005F40C7 /* Helper.m */ = {isa = PBXFileReference; fileEncoding = 4; lastKnownFileType = sourcecode.c.objc; name = Helper.m; path = "NTT Data Job Application App/Model/Helper.m"; sourceTree = SOURCE_ROOT; };
		284FAF9017F2F1FD006C9359 /* NTTDataJobAppDatabase.xcdatamodel */ = {isa = PBXFileReference; lastKnownFileType = wrapper.xcdatamodel; name = NTTDataJobAppDatabase.xcdatamodel; path = "NTT Data Job Application App/Model/NTTDataJobAppDatabase.xcdatamodel"; sourceTree = SOURCE_ROOT; };
		288E4EDD18B51CE600E2CB3E /* linkedin.png */ = {isa = PBXFileReference; lastKnownFileType = image.png; path = linkedin.png; sourceTree = "<group>"; };
		288E4EDF18B5787A00E2CB3E /* XNGLoginWebViewController.h */ = {isa = PBXFileReference; fileEncoding = 4; lastKnownFileType = sourcecode.c.h; path = XNGLoginWebViewController.h; sourceTree = "<group>"; };
		288E4EE018B5787A00E2CB3E /* XNGLoginWebViewController.m */ = {isa = PBXFileReference; fileEncoding = 4; lastKnownFileType = sourcecode.c.objc; path = XNGLoginWebViewController.m; sourceTree = "<group>"; };
		28904F7B17EFBB1F00C2B733 /* CoreDataManagerTest.m */ = {isa = PBXFileReference; fileEncoding = 4; lastKnownFileType = sourcecode.c.objc; path = CoreDataManagerTest.m; sourceTree = "<group>"; };
		28BB7A3618AB84DE002BC54B /* XNGAPIClient.h */ = {isa = PBXFileReference; fileEncoding = 4; lastKnownFileType = sourcecode.c.h; path = XNGAPIClient.h; sourceTree = "<group>"; };
		28BB7A3718AB84DE002BC54B /* XNGAPIClient.m */ = {isa = PBXFileReference; fileEncoding = 4; lastKnownFileType = sourcecode.c.objc; path = XNGAPIClient.m; sourceTree = "<group>"; };
		28BB7A3818AB84DE002BC54B /* XNGAPIClient+UserProfiles.h */ = {isa = PBXFileReference; fileEncoding = 4; lastKnownFileType = sourcecode.c.h; path = "XNGAPIClient+UserProfiles.h"; sourceTree = "<group>"; };
		28BB7A3918AB84DE002BC54B /* XNGAPIClient+UserProfiles.m */ = {isa = PBXFileReference; fileEncoding = 4; lastKnownFileType = sourcecode.c.objc; path = "XNGAPIClient+UserProfiles.m"; sourceTree = "<group>"; };
		28BB7A3C18AC34A3002BC54B /* SSKeychain.h */ = {isa = PBXFileReference; fileEncoding = 4; lastKnownFileType = sourcecode.c.h; path = SSKeychain.h; sourceTree = "<group>"; };
		28BB7A3D18AC34A3002BC54B /* SSKeychain.m */ = {isa = PBXFileReference; fileEncoding = 4; lastKnownFileType = sourcecode.c.objc; path = SSKeychain.m; sourceTree = "<group>"; };
		28BB7A3E18AC34A3002BC54B /* SSKeychainQuery.h */ = {isa = PBXFileReference; fileEncoding = 4; lastKnownFileType = sourcecode.c.h; path = SSKeychainQuery.h; sourceTree = "<group>"; };
		28BB7A3F18AC34A3002BC54B /* SSKeychainQuery.m */ = {isa = PBXFileReference; fileEncoding = 4; lastKnownFileType = sourcecode.c.objc; path = SSKeychainQuery.m; sourceTree = "<group>"; };
		28BB7A4218AC34AF002BC54B /* AFOAuth1Client.h */ = {isa = PBXFileReference; fileEncoding = 4; lastKnownFileType = sourcecode.c.h; path = AFOAuth1Client.h; sourceTree = "<group>"; };
		28BB7A4318AC34AF002BC54B /* AFOAuth1Client.m */ = {isa = PBXFileReference; fileEncoding = 4; lastKnownFileType = sourcecode.c.objc; path = AFOAuth1Client.m; sourceTree = "<group>"; };
		28BB7A4518AC34C7002BC54B /* AFHTTPClient.h */ = {isa = PBXFileReference; fileEncoding = 4; lastKnownFileType = sourcecode.c.h; path = AFHTTPClient.h; sourceTree = "<group>"; };
		28BB7A4618AC34C7002BC54B /* AFHTTPClient.m */ = {isa = PBXFileReference; fileEncoding = 4; lastKnownFileType = sourcecode.c.objc; path = AFHTTPClient.m; sourceTree = "<group>"; };
		28BB7A4718AC34C7002BC54B /* AFHTTPRequestOperation.h */ = {isa = PBXFileReference; fileEncoding = 4; lastKnownFileType = sourcecode.c.h; path = AFHTTPRequestOperation.h; sourceTree = "<group>"; };
		28BB7A4818AC34C7002BC54B /* AFHTTPRequestOperation.m */ = {isa = PBXFileReference; fileEncoding = 4; lastKnownFileType = sourcecode.c.objc; path = AFHTTPRequestOperation.m; sourceTree = "<group>"; };
		28BB7A4918AC34C7002BC54B /* AFImageRequestOperation.h */ = {isa = PBXFileReference; fileEncoding = 4; lastKnownFileType = sourcecode.c.h; path = AFImageRequestOperation.h; sourceTree = "<group>"; };
		28BB7A4A18AC34C7002BC54B /* AFImageRequestOperation.m */ = {isa = PBXFileReference; fileEncoding = 4; lastKnownFileType = sourcecode.c.objc; path = AFImageRequestOperation.m; sourceTree = "<group>"; };
		28BB7A4B18AC34C7002BC54B /* AFJSONRequestOperation.h */ = {isa = PBXFileReference; fileEncoding = 4; lastKnownFileType = sourcecode.c.h; path = AFJSONRequestOperation.h; sourceTree = "<group>"; };
		28BB7A4C18AC34C7002BC54B /* AFJSONRequestOperation.m */ = {isa = PBXFileReference; fileEncoding = 4; lastKnownFileType = sourcecode.c.objc; path = AFJSONRequestOperation.m; sourceTree = "<group>"; };
		28BB7A4D18AC34C7002BC54B /* AFNetworkActivityIndicatorManager.h */ = {isa = PBXFileReference; fileEncoding = 4; lastKnownFileType = sourcecode.c.h; path = AFNetworkActivityIndicatorManager.h; sourceTree = "<group>"; };
		28BB7A4E18AC34C7002BC54B /* AFNetworkActivityIndicatorManager.m */ = {isa = PBXFileReference; fileEncoding = 4; lastKnownFileType = sourcecode.c.objc; path = AFNetworkActivityIndicatorManager.m; sourceTree = "<group>"; };
		28BB7A4F18AC34C7002BC54B /* AFNetworking.h */ = {isa = PBXFileReference; fileEncoding = 4; lastKnownFileType = sourcecode.c.h; path = AFNetworking.h; sourceTree = "<group>"; };
		28BB7A5018AC34C7002BC54B /* AFPropertyListRequestOperation.h */ = {isa = PBXFileReference; fileEncoding = 4; lastKnownFileType = sourcecode.c.h; path = AFPropertyListRequestOperation.h; sourceTree = "<group>"; };
		28BB7A5118AC34C7002BC54B /* AFPropertyListRequestOperation.m */ = {isa = PBXFileReference; fileEncoding = 4; lastKnownFileType = sourcecode.c.objc; path = AFPropertyListRequestOperation.m; sourceTree = "<group>"; };
		28BB7A5218AC34C7002BC54B /* AFURLConnectionOperation.h */ = {isa = PBXFileReference; fileEncoding = 4; lastKnownFileType = sourcecode.c.h; path = AFURLConnectionOperation.h; sourceTree = "<group>"; };
		28BB7A5318AC34C7002BC54B /* AFURLConnectionOperation.m */ = {isa = PBXFileReference; fileEncoding = 4; lastKnownFileType = sourcecode.c.objc; path = AFURLConnectionOperation.m; sourceTree = "<group>"; };
		28BB7A5418AC34C7002BC54B /* AFXMLRequestOperation.h */ = {isa = PBXFileReference; fileEncoding = 4; lastKnownFileType = sourcecode.c.h; path = AFXMLRequestOperation.h; sourceTree = "<group>"; };
		28BB7A5518AC34C7002BC54B /* AFXMLRequestOperation.m */ = {isa = PBXFileReference; fileEncoding = 4; lastKnownFileType = sourcecode.c.objc; path = AFXMLRequestOperation.m; sourceTree = "<group>"; };
		28BB7A5618AC34C7002BC54B /* UIImageView+AFNetworking.h */ = {isa = PBXFileReference; fileEncoding = 4; lastKnownFileType = sourcecode.c.h; path = "UIImageView+AFNetworking.h"; sourceTree = "<group>"; };
		28BB7A5718AC34C7002BC54B /* UIImageView+AFNetworking.m */ = {isa = PBXFileReference; fileEncoding = 4; lastKnownFileType = sourcecode.c.objc; path = "UIImageView+AFNetworking.m"; sourceTree = "<group>"; };
		28BB7A6118AC359A002BC54B /* MobileCoreServices.framework */ = {isa = PBXFileReference; lastKnownFileType = wrapper.framework; name = MobileCoreServices.framework; path = System/Library/Frameworks/MobileCoreServices.framework; sourceTree = SDKROOT; };
		28BB7A6318AC35AD002BC54B /* SystemConfiguration.framework */ = {isa = PBXFileReference; lastKnownFileType = wrapper.framework; name = SystemConfiguration.framework; path = System/Library/Frameworks/SystemConfiguration.framework; sourceTree = SDKROOT; };
		28BB7A6518AC361D002BC54B /* NSDictionary+Typecheck.h */ = {isa = PBXFileReference; fileEncoding = 4; lastKnownFileType = sourcecode.c.h; path = "NSDictionary+Typecheck.h"; sourceTree = "<group>"; };
		28BB7A6618AC361D002BC54B /* NSDictionary+Typecheck.m */ = {isa = PBXFileReference; fileEncoding = 4; lastKnownFileType = sourcecode.c.objc; path = "NSDictionary+Typecheck.m"; sourceTree = "<group>"; };
		28BB7A6718AC361D002BC54B /* NSString+URLEncoding.h */ = {isa = PBXFileReference; fileEncoding = 4; lastKnownFileType = sourcecode.c.h; path = "NSString+URLEncoding.h"; sourceTree = "<group>"; };
		28BB7A6818AC361D002BC54B /* NSString+URLEncoding.m */ = {isa = PBXFileReference; fileEncoding = 4; lastKnownFileType = sourcecode.c.objc; path = "NSString+URLEncoding.m"; sourceTree = "<group>"; };
		28BB7A6918AC361D002BC54B /* XNGJSONRequestOperation.h */ = {isa = PBXFileReference; fileEncoding = 4; lastKnownFileType = sourcecode.c.h; path = XNGJSONRequestOperation.h; sourceTree = "<group>"; };
		28BB7A6A18AC361D002BC54B /* XNGJSONRequestOperation.m */ = {isa = PBXFileReference; fileEncoding = 4; lastKnownFileType = sourcecode.c.objc; path = XNGJSONRequestOperation.m; sourceTree = "<group>"; };
		28BB7A6B18AC361D002BC54B /* XNGOAuthHandler.h */ = {isa = PBXFileReference; fileEncoding = 4; lastKnownFileType = sourcecode.c.h; path = XNGOAuthHandler.h; sourceTree = "<group>"; };
		28BB7A6C18AC361D002BC54B /* XNGOAuthHandler.m */ = {isa = PBXFileReference; fileEncoding = 4; lastKnownFileType = sourcecode.c.objc; path = XNGOAuthHandler.m; sourceTree = "<group>"; };
		28BB7A6D18AC361D002BC54B /* NSError+XWS.h */ = {isa = PBXFileReference; fileEncoding = 4; lastKnownFileType = sourcecode.c.h; path = "NSError+XWS.h"; sourceTree = "<group>"; };
		28BB7A6E18AC361D002BC54B /* NSError+XWS.m */ = {isa = PBXFileReference; fileEncoding = 4; lastKnownFileType = sourcecode.c.objc; path = "NSError+XWS.m"; sourceTree = "<group>"; };
		28BDF232180357C500132948 /* SBJson.h */ = {isa = PBXFileReference; fileEncoding = 4; lastKnownFileType = sourcecode.c.h; path = SBJson.h; sourceTree = "<group>"; };
		28BDF233180357C500132948 /* SBJsonParser.h */ = {isa = PBXFileReference; fileEncoding = 4; lastKnownFileType = sourcecode.c.h; path = SBJsonParser.h; sourceTree = "<group>"; };
		28BDF234180357C500132948 /* SBJsonParser.m */ = {isa = PBXFileReference; fileEncoding = 4; lastKnownFileType = sourcecode.c.objc; path = SBJsonParser.m; sourceTree = "<group>"; };
		28BDF235180357C500132948 /* SBJsonStreamParser.h */ = {isa = PBXFileReference; fileEncoding = 4; lastKnownFileType = sourcecode.c.h; path = SBJsonStreamParser.h; sourceTree = "<group>"; };
		28BDF236180357C500132948 /* SBJsonStreamParser.m */ = {isa = PBXFileReference; fileEncoding = 4; lastKnownFileType = sourcecode.c.objc; path = SBJsonStreamParser.m; sourceTree = "<group>"; };
		28BDF237180357C500132948 /* SBJsonStreamParserAccumulator.h */ = {isa = PBXFileReference; fileEncoding = 4; lastKnownFileType = sourcecode.c.h; path = SBJsonStreamParserAccumulator.h; sourceTree = "<group>"; };
		28BDF238180357C500132948 /* SBJsonStreamParserAccumulator.m */ = {isa = PBXFileReference; fileEncoding = 4; lastKnownFileType = sourcecode.c.objc; path = SBJsonStreamParserAccumulator.m; sourceTree = "<group>"; };
		28BDF239180357C500132948 /* SBJsonStreamParserAdapter.h */ = {isa = PBXFileReference; fileEncoding = 4; lastKnownFileType = sourcecode.c.h; path = SBJsonStreamParserAdapter.h; sourceTree = "<group>"; };
		28BDF23A180357C500132948 /* SBJsonStreamParserAdapter.m */ = {isa = PBXFileReference; fileEncoding = 4; lastKnownFileType = sourcecode.c.objc; path = SBJsonStreamParserAdapter.m; sourceTree = "<group>"; };
		28BDF23B180357C500132948 /* SBJsonStreamParserState.h */ = {isa = PBXFileReference; fileEncoding = 4; lastKnownFileType = sourcecode.c.h; path = SBJsonStreamParserState.h; sourceTree = "<group>"; };
		28BDF23C180357C500132948 /* SBJsonStreamParserState.m */ = {isa = PBXFileReference; fileEncoding = 4; lastKnownFileType = sourcecode.c.objc; path = SBJsonStreamParserState.m; sourceTree = "<group>"; };
		28BDF23D180357C500132948 /* SBJsonStreamTokeniser.h */ = {isa = PBXFileReference; fileEncoding = 4; lastKnownFileType = sourcecode.c.h; path = SBJsonStreamTokeniser.h; sourceTree = "<group>"; };
		28BDF23E180357C500132948 /* SBJsonStreamTokeniser.m */ = {isa = PBXFileReference; fileEncoding = 4; lastKnownFileType = sourcecode.c.objc; path = SBJsonStreamTokeniser.m; sourceTree = "<group>"; };
		28BDF23F180357C500132948 /* SBJsonStreamWriter.h */ = {isa = PBXFileReference; fileEncoding = 4; lastKnownFileType = sourcecode.c.h; path = SBJsonStreamWriter.h; sourceTree = "<group>"; };
		28BDF240180357C500132948 /* SBJsonStreamWriter.m */ = {isa = PBXFileReference; fileEncoding = 4; lastKnownFileType = sourcecode.c.objc; path = SBJsonStreamWriter.m; sourceTree = "<group>"; };
		28BDF241180357C500132948 /* SBJsonStreamWriterAccumulator.h */ = {isa = PBXFileReference; fileEncoding = 4; lastKnownFileType = sourcecode.c.h; path = SBJsonStreamWriterAccumulator.h; sourceTree = "<group>"; };
		28BDF242180357C500132948 /* SBJsonStreamWriterAccumulator.m */ = {isa = PBXFileReference; fileEncoding = 4; lastKnownFileType = sourcecode.c.objc; path = SBJsonStreamWriterAccumulator.m; sourceTree = "<group>"; };
		28BDF243180357C500132948 /* SBJsonStreamWriterState.h */ = {isa = PBXFileReference; fileEncoding = 4; lastKnownFileType = sourcecode.c.h; path = SBJsonStreamWriterState.h; sourceTree = "<group>"; };
		28BDF244180357C500132948 /* SBJsonStreamWriterState.m */ = {isa = PBXFileReference; fileEncoding = 4; lastKnownFileType = sourcecode.c.objc; path = SBJsonStreamWriterState.m; sourceTree = "<group>"; };
		28BDF245180357C500132948 /* SBJsonWriter.h */ = {isa = PBXFileReference; fileEncoding = 4; lastKnownFileType = sourcecode.c.h; path = SBJsonWriter.h; sourceTree = "<group>"; };
		28BDF246180357C500132948 /* SBJsonWriter.m */ = {isa = PBXFileReference; fileEncoding = 4; lastKnownFileType = sourcecode.c.objc; path = SBJsonWriter.m; sourceTree = "<group>"; };
		28D8117018187C7B00DC5145 /* DropboxSDK.framework */ = {isa = PBXFileReference; lastKnownFileType = wrapper.framework; name = DropboxSDK.framework; path = "NTT Data Job Application App/DropboxSDK.framework"; sourceTree = "<group>"; };
		28E44A9617E3C5510084543B /* NTT Data Job Application App.app */ = {isa = PBXFileReference; explicitFileType = wrapper.application; includeInIndex = 0; path = "NTT Data Job Application App.app"; sourceTree = BUILT_PRODUCTS_DIR; };
		28E44A9917E3C5510084543B /* UIKit.framework */ = {isa = PBXFileReference; lastKnownFileType = wrapper.framework; name = UIKit.framework; path = System/Library/Frameworks/UIKit.framework; sourceTree = SDKROOT; };
		28E44A9B17E3C5510084543B /* Foundation.framework */ = {isa = PBXFileReference; lastKnownFileType = wrapper.framework; name = Foundation.framework; path = System/Library/Frameworks/Foundation.framework; sourceTree = SDKROOT; };
		28E44A9D17E3C5510084543B /* CoreGraphics.framework */ = {isa = PBXFileReference; lastKnownFileType = wrapper.framework; name = CoreGraphics.framework; path = System/Library/Frameworks/CoreGraphics.framework; sourceTree = SDKROOT; };
		28E44AA117E3C5510084543B /* NTT Data Job Application App-Info.plist */ = {isa = PBXFileReference; lastKnownFileType = text.plist.xml; path = "NTT Data Job Application App-Info.plist"; sourceTree = "<group>"; };
		28E44AA317E3C5510084543B /* en */ = {isa = PBXFileReference; lastKnownFileType = text.plist.strings; name = en; path = en.lproj/InfoPlist.strings; sourceTree = "<group>"; };
		28E44AA517E3C5510084543B /* main.m */ = {isa = PBXFileReference; lastKnownFileType = sourcecode.c.objc; path = main.m; sourceTree = "<group>"; };
		28E44AA717E3C5510084543B /* NTT Data Job Application App-Prefix.pch */ = {isa = PBXFileReference; lastKnownFileType = sourcecode.c.h; path = "NTT Data Job Application App-Prefix.pch"; sourceTree = "<group>"; };
		28E44AAB17E3C5510084543B /* Default.png */ = {isa = PBXFileReference; lastKnownFileType = image.png; path = Default.png; sourceTree = "<group>"; };
		28E44AAD17E3C5510084543B /* Default@2x.png */ = {isa = PBXFileReference; lastKnownFileType = image.png; path = "Default@2x.png"; sourceTree = "<group>"; };
		28E44AAF17E3C5510084543B /* Default-568h@2x.png */ = {isa = PBXFileReference; lastKnownFileType = image.png; path = "Default-568h@2x.png"; sourceTree = "<group>"; };
		28E44ABC17E3C5510084543B /* NTT Data Job Application AppTests.xctest */ = {isa = PBXFileReference; explicitFileType = wrapper.cfbundle; includeInIndex = 0; path = "NTT Data Job Application AppTests.xctest"; sourceTree = BUILT_PRODUCTS_DIR; };
		28E44AC517E3C5510084543B /* NTT Data Job Application AppTests-Info.plist */ = {isa = PBXFileReference; lastKnownFileType = text.plist.xml; path = "NTT Data Job Application AppTests-Info.plist"; sourceTree = "<group>"; };
		28E44AC717E3C5510084543B /* en */ = {isa = PBXFileReference; lastKnownFileType = text.plist.strings; name = en; path = en.lproj/InfoPlist.strings; sourceTree = "<group>"; };
		28E44AD517E3C5810084543B /* Constants.h */ = {isa = PBXFileReference; fileEncoding = 4; lastKnownFileType = sourcecode.c.h; path = Constants.h; sourceTree = "<group>"; };
		28E44AD817E3C5810084543B /* OSConnectionManager.h */ = {isa = PBXFileReference; fileEncoding = 4; lastKnownFileType = sourcecode.c.h; path = OSConnectionManager.h; sourceTree = "<group>"; };
		28E44AD917E3C5810084543B /* OSConnectionManager.m */ = {isa = PBXFileReference; fileEncoding = 4; lastKnownFileType = sourcecode.c.objc; path = OSConnectionManager.m; sourceTree = "<group>"; };
		28E44ADA17E3C5810084543B /* OSURLHelper.h */ = {isa = PBXFileReference; fileEncoding = 4; lastKnownFileType = sourcecode.c.h; path = OSURLHelper.h; sourceTree = "<group>"; };
		28E44ADB17E3C5810084543B /* OSURLHelper.m */ = {isa = PBXFileReference; fileEncoding = 4; lastKnownFileType = sourcecode.c.objc; path = OSURLHelper.m; sourceTree = "<group>"; };
		28E44B2117E3C6CB0084543B /* FoundPositionDetailViewController.h */ = {isa = PBXFileReference; fileEncoding = 4; lastKnownFileType = sourcecode.c.h; path = FoundPositionDetailViewController.h; sourceTree = "<group>"; };
		28E44B2217E3C6CB0084543B /* FoundPositionDetailViewController.m */ = {isa = PBXFileReference; fileEncoding = 4; lastKnownFileType = sourcecode.c.objc; path = FoundPositionDetailViewController.m; sourceTree = "<group>"; };
		28E44B2317E3C6CB0084543B /* FoundPositionsOverviewViewController.h */ = {isa = PBXFileReference; fileEncoding = 4; lastKnownFileType = sourcecode.c.h; path = FoundPositionsOverviewViewController.h; sourceTree = "<group>"; };
		28E44B2417E3C6CB0084543B /* FoundPositionsOverviewViewController.m */ = {isa = PBXFileReference; fileEncoding = 4; lastKnownFileType = sourcecode.c.objc; path = FoundPositionsOverviewViewController.m; sourceTree = "<group>"; };
		28E44B2517E3C6CB0084543B /* JobProposalViewController.h */ = {isa = PBXFileReference; fileEncoding = 4; lastKnownFileType = sourcecode.c.h; path = JobProposalViewController.h; sourceTree = "<group>"; };
		28E44B2617E3C6CB0084543B /* JobProposalViewController.m */ = {isa = PBXFileReference; fileEncoding = 4; lastKnownFileType = sourcecode.c.objc; path = JobProposalViewController.m; sourceTree = "<group>"; };
		28E44B2717E3C6CB0084543B /* JobSearchViewController.h */ = {isa = PBXFileReference; fileEncoding = 4; lastKnownFileType = sourcecode.c.h; path = JobSearchViewController.h; sourceTree = "<group>"; };
		28E44B2817E3C6CB0084543B /* JobSearchViewController.m */ = {isa = PBXFileReference; fileEncoding = 4; lastKnownFileType = sourcecode.c.objc; path = JobSearchViewController.m; sourceTree = "<group>"; };
		28E44B2D17E3C6D50084543B /* MainStoryboard.storyboard */ = {isa = PBXFileReference; fileEncoding = 4; lastKnownFileType = file.storyboard; path = MainStoryboard.storyboard; sourceTree = "<group>"; };
		28E44B2F17E3C75A0084543B /* CoreData.framework */ = {isa = PBXFileReference; lastKnownFileType = wrapper.framework; name = CoreData.framework; path = System/Library/Frameworks/CoreData.framework; sourceTree = SDKROOT; };
		28E44B3117E3C7600084543B /* MessageUI.framework */ = {isa = PBXFileReference; lastKnownFileType = wrapper.framework; name = MessageUI.framework; path = System/Library/Frameworks/MessageUI.framework; sourceTree = SDKROOT; };
		28E44B3317E3C7A30084543B /* AppDelegate.h */ = {isa = PBXFileReference; fileEncoding = 4; lastKnownFileType = sourcecode.c.h; path = AppDelegate.h; sourceTree = "<group>"; };
		28E44B3417E3C7A30084543B /* AppDelegate.m */ = {isa = PBXFileReference; fileEncoding = 4; lastKnownFileType = sourcecode.c.objc; path = AppDelegate.m; sourceTree = "<group>"; };
		28E676D3181C574B0048ADF4 /* SelectedFilesViewController.h */ = {isa = PBXFileReference; fileEncoding = 4; lastKnownFileType = sourcecode.c.h; path = SelectedFilesViewController.h; sourceTree = "<group>"; };
		28E676D4181C574B0048ADF4 /* SelectedFilesViewController.m */ = {isa = PBXFileReference; fileEncoding = 4; lastKnownFileType = sourcecode.c.objc; path = SelectedFilesViewController.m; sourceTree = "<group>"; };
		28E676D6181C58040048ADF4 /* DBChooser.framework */ = {isa = PBXFileReference; lastKnownFileType = wrapper.framework; name = DBChooser.framework; path = "NTT Data Job Application App/DBChooser.framework"; sourceTree = "<group>"; };
		28EAC94F17F2F0140089467C /* DatabaseManager.h */ = {isa = PBXFileReference; fileEncoding = 4; lastKnownFileType = sourcecode.c.h; name = DatabaseManager.h; path = "NTT Data Job Application App/Model/DatabaseManager.h"; sourceTree = SOURCE_ROOT; };
		28EAC95017F2F0140089467C /* DatabaseManager.m */ = {isa = PBXFileReference; fileEncoding = 4; lastKnownFileType = sourcecode.c.objc; name = DatabaseManager.m; path = "NTT Data Job Application App/Model/DatabaseManager.m"; sourceTree = SOURCE_ROOT; };
		28FE35AA18B2D425006264C6 /* Application.h */ = {isa = PBXFileReference; fileEncoding = 4; lastKnownFileType = sourcecode.c.h; name = Application.h; path = "NTT Data Job Application App/Model/Application.h"; sourceTree = SOURCE_ROOT; };
		28FE35AB18B2D425006264C6 /* Application.m */ = {isa = PBXFileReference; fileEncoding = 4; lastKnownFileType = sourcecode.c.objc; name = Application.m; path = "NTT Data Job Application App/Model/Application.m"; sourceTree = SOURCE_ROOT; };
		3291990518111B65000FBAE3 /* Security.framework */ = {isa = PBXFileReference; lastKnownFileType = wrapper.framework; name = Security.framework; path = System/Library/Frameworks/Security.framework; sourceTree = SDKROOT; };
		329456FA1832CDBB0043D153 /* Filter.h */ = {isa = PBXFileReference; fileEncoding = 4; lastKnownFileType = sourcecode.c.h; name = Filter.h; path = "NTT Data Job Application App/Filter.h"; sourceTree = SOURCE_ROOT; };
		329456FB1832CDBB0043D153 /* Filter.m */ = {isa = PBXFileReference; fileEncoding = 4; lastKnownFileType = sourcecode.c.objc; name = Filter.m; path = "NTT Data Job Application App/Filter.m"; sourceTree = SOURCE_ROOT; };
		329703BA181151770095799F /* DBLogo.png */ = {isa = PBXFileReference; lastKnownFileType = image.png; path = DBLogo.png; sourceTree = "<group>"; };
		329703C11811680E0095799F /* DropBoxViewController.h */ = {isa = PBXFileReference; fileEncoding = 4; lastKnownFileType = sourcecode.c.h; path = DropBoxViewController.h; sourceTree = "<group>"; };
		329703C21811680E0095799F /* DropBoxViewController.m */ = {isa = PBXFileReference; fileEncoding = 4; lastKnownFileType = sourcecode.c.objc; path = DropBoxViewController.m; sourceTree = "<group>"; };
		3299B1AB18BC9D5B00DD2CE3 /* NotificationProcessing.h */ = {isa = PBXFileReference; fileEncoding = 4; lastKnownFileType = sourcecode.c.h; path = NotificationProcessing.h; sourceTree = "<group>"; };
		3299B1AC18BC9D5B00DD2CE3 /* NotificationProcessing.m */ = {isa = PBXFileReference; fileEncoding = 4; lastKnownFileType = sourcecode.c.objc; path = NotificationProcessing.m; sourceTree = "<group>"; };
		80172A6D17EC949600538821 /* ApplicationViewController.h */ = {isa = PBXFileReference; fileEncoding = 4; lastKnownFileType = sourcecode.c.h; path = ApplicationViewController.h; sourceTree = "<group>"; };
		80172A6E17EC949600538821 /* ApplicationViewController.m */ = {isa = PBXFileReference; fileEncoding = 4; lastKnownFileType = sourcecode.c.objc; path = ApplicationViewController.m; sourceTree = "<group>"; };
		80E16670181712D40091BC92 /* search.png */ = {isa = PBXFileReference; lastKnownFileType = image.png; path = search.png; sourceTree = "<group>"; };
		80E16672181714EA0091BC92 /* phone-book.png */ = {isa = PBXFileReference; lastKnownFileType = image.png; path = "phone-book.png"; sourceTree = "<group>"; };
		80E166741817154A0091BC92 /* question.png */ = {isa = PBXFileReference; lastKnownFileType = image.png; path = question.png; sourceTree = "<group>"; };
		9A187DFD17FB3BB40097650D /* MyProfileViewController.h */ = {isa = PBXFileReference; fileEncoding = 4; lastKnownFileType = sourcecode.c.h; path = MyProfileViewController.h; sourceTree = "<group>"; };
		9A187E0017FB3C710097650D /* MyApplicationsViewController.h */ = {isa = PBXFileReference; fileEncoding = 4; lastKnownFileType = sourcecode.c.h; path = MyApplicationsViewController.h; sourceTree = "<group>"; };
		9A187E0117FB3C710097650D /* MyApplicationsViewController.m */ = {isa = PBXFileReference; fileEncoding = 4; lastKnownFileType = sourcecode.c.objc; path = MyApplicationsViewController.m; sourceTree = "<group>"; };
		9A2B801B18908FF300CFA92F /* xing.jpg */ = {isa = PBXFileReference; lastKnownFileType = image.jpeg; name = xing.jpg; path = "/Users/matthiasr/Development/Team Project/NTTApplicationApp/NTT Data Job Application App/NTT Data Job Application App/xing.jpg"; sourceTree = "<absolute>"; };
		9A44D09018284A26003CE0F0 /* save.png */ = {isa = PBXFileReference; lastKnownFileType = image.png; path = save.png; sourceTree = "<group>"; };
		9A514A3617FCD4460039553D /* MyProfileViewController.m */ = {isa = PBXFileReference; fileEncoding = 4; lastKnownFileType = sourcecode.c.objc; path = MyProfileViewController.m; sourceTree = "<group>"; };
		9A86A22F17F23A41009F8DA3 /* FreeTextSearchViewController.h */ = {isa = PBXFileReference; fileEncoding = 4; lastKnownFileType = sourcecode.c.h; path = FreeTextSearchViewController.h; sourceTree = "<group>"; };
		9A86A23017F23A41009F8DA3 /* FreeTextSearchViewController.m */ = {isa = PBXFileReference; fileEncoding = 4; lastKnownFileType = sourcecode.c.objc; path = FreeTextSearchViewController.m; sourceTree = "<group>"; };
		9A8930591811BA01005B03DC /* QuartzCore.framework */ = {isa = PBXFileReference; lastKnownFileType = wrapper.framework; name = QuartzCore.framework; path = System/Library/Frameworks/QuartzCore.framework; sourceTree = SDKROOT; };
		9A8E480A1838214600344C40 /* star_full.png */ = {isa = PBXFileReference; lastKnownFileType = image.png; path = star_full.png; sourceTree = "<group>"; };
		9A8E480D1838260300344C40 /* star_empty.png */ = {isa = PBXFileReference; lastKnownFileType = image.png; path = star_empty.png; sourceTree = "<group>"; };
		9A8EE6E718257EB100E4F2FA /* MyFilterSetsViewController.h */ = {isa = PBXFileReference; fileEncoding = 4; lastKnownFileType = sourcecode.c.h; path = MyFilterSetsViewController.h; sourceTree = "<group>"; };
		9A8EE6E818257EB100E4F2FA /* MyFilterSetsViewController.m */ = {isa = PBXFileReference; fileEncoding = 4; lastKnownFileType = sourcecode.c.objc; path = MyFilterSetsViewController.m; sourceTree = "<group>"; };
		9A911EC817FCDE4B004DFBD0 /* FAQViewController.h */ = {isa = PBXFileReference; fileEncoding = 4; lastKnownFileType = sourcecode.c.h; path = FAQViewController.h; sourceTree = "<group>"; };
		9A911EC917FCDE4B004DFBD0 /* FAQViewController.m */ = {isa = PBXFileReference; fileEncoding = 4; lastKnownFileType = sourcecode.c.objc; path = FAQViewController.m; sourceTree = "<group>"; };
		9A911ECB17FCDE72004DFBD0 /* AnswerViewController.h */ = {isa = PBXFileReference; fileEncoding = 4; lastKnownFileType = sourcecode.c.h; path = AnswerViewController.h; sourceTree = "<group>"; };
		9A911ECC17FCDE72004DFBD0 /* AnswerViewController.m */ = {isa = PBXFileReference; fileEncoding = 4; lastKnownFileType = sourcecode.c.objc; path = AnswerViewController.m; sourceTree = "<group>"; };
		9A95DA2418356CC7008AC7AD /* JVFloatLabeledTextField.h */ = {isa = PBXFileReference; fileEncoding = 4; lastKnownFileType = sourcecode.c.h; path = JVFloatLabeledTextField.h; sourceTree = "<group>"; };
		9A95DA2518356CC7008AC7AD /* JVFloatLabeledTextField.m */ = {isa = PBXFileReference; fileEncoding = 4; lastKnownFileType = sourcecode.c.objc; path = JVFloatLabeledTextField.m; sourceTree = "<group>"; };
		9AA47B571831833400044D11 /* images.png */ = {isa = PBXFileReference; lastKnownFileType = image.png; path = images.png; sourceTree = "<group>"; };
		9AD746F418128F350020C2E4 /* facebook-twitter.png */ = {isa = PBXFileReference; lastKnownFileType = image.png; path = "facebook-twitter.png"; sourceTree = "<group>"; };
		C60C02521811E0C80055951E /* Social.framework */ = {isa = PBXFileReference; lastKnownFileType = wrapper.framework; name = Social.framework; path = System/Library/Frameworks/Social.framework; sourceTree = SDKROOT; };
		C65919D8181DD1F800366A0D /* Twitter.png */ = {isa = PBXFileReference; lastKnownFileType = image.png; path = Twitter.png; sourceTree = "<group>"; };
		C65919DA181DD3B300366A0D /* Facebook.png */ = {isa = PBXFileReference; lastKnownFileType = image.png; path = Facebook.png; sourceTree = "<group>"; };
		C695479A18A1ABC800461ED4 /* TutorialViewController.h */ = {isa = PBXFileReference; fileEncoding = 4; lastKnownFileType = sourcecode.c.h; path = TutorialViewController.h; sourceTree = "<group>"; };
		C695479B18A1ABC800461ED4 /* TutorialViewController.m */ = {isa = PBXFileReference; fileEncoding = 4; lastKnownFileType = sourcecode.c.objc; path = TutorialViewController.m; sourceTree = "<group>"; };
		C695479D18A1AC4200461ED4 /* AppSettingsHelper.h */ = {isa = PBXFileReference; fileEncoding = 4; lastKnownFileType = sourcecode.c.h; path = AppSettingsHelper.h; sourceTree = "<group>"; };
		C695479E18A1AC4200461ED4 /* AppSettingsHelper.m */ = {isa = PBXFileReference; fileEncoding = 4; lastKnownFileType = sourcecode.c.objc; path = AppSettingsHelper.m; sourceTree = "<group>"; };
		C69547A018A1B55500461ED4 /* 1.png */ = {isa = PBXFileReference; lastKnownFileType = image.png; path = 1.png; sourceTree = "<group>"; };
		C69547A118A1B55500461ED4 /* 2.png */ = {isa = PBXFileReference; lastKnownFileType = image.png; path = 2.png; sourceTree = "<group>"; };
		C69547A218A1B55500461ED4 /* 3.png */ = {isa = PBXFileReference; lastKnownFileType = image.png; path = 3.png; sourceTree = "<group>"; };
		C69547A318A1B55500461ED4 /* 4.png */ = {isa = PBXFileReference; lastKnownFileType = image.png; path = 4.png; sourceTree = "<group>"; };
		C69547A418A1B55500461ED4 /* 5.png */ = {isa = PBXFileReference; lastKnownFileType = image.png; path = 5.png; sourceTree = "<group>"; };
		C69547A518A1B55500461ED4 /* 6.png */ = {isa = PBXFileReference; lastKnownFileType = image.png; path = 6.png; sourceTree = "<group>"; };
		C69547A618A1B55500461ED4 /* 7.png */ = {isa = PBXFileReference; lastKnownFileType = image.png; path = 7.png; sourceTree = "<group>"; };
		C69547A718A1B55500461ED4 /* 8.png */ = {isa = PBXFileReference; lastKnownFileType = image.png; path = 8.png; sourceTree = "<group>"; };
		C69547A818A1B55500461ED4 /* 9.png */ = {isa = PBXFileReference; lastKnownFileType = image.png; path = 9.png; sourceTree = "<group>"; };
		C69547A918A1B55500461ED4 /* 10.png */ = {isa = PBXFileReference; lastKnownFileType = image.png; path = 10.png; sourceTree = "<group>"; };
		C69547B418A1B5C300461ED4 /* 9250.png */ = {isa = PBXFileReference; lastKnownFileType = image.png; path = 9250.png; sourceTree = "<group>"; };
		C6DC690D182715EF0086B32A /* Images.xcassets */ = {isa = PBXFileReference; lastKnownFileType = folder.assetcatalog; path = Images.xcassets; sourceTree = "<group>"; };
		C6E3F7081828667400D07BEB /* icon ios 5,6 57pt.png */ = {isa = PBXFileReference; lastKnownFileType = image.png; path = "icon ios 5,6 57pt.png"; sourceTree = "<group>"; };
		C6E3F7091828667400D07BEB /* icon spotlight ios7 40pt.png */ = {isa = PBXFileReference; lastKnownFileType = image.png; path = "icon spotlight ios7 40pt.png"; sourceTree = "<group>"; };
		C6E3F70A1828667400D07BEB /* icon settings ios5-7 29pt.png */ = {isa = PBXFileReference; lastKnownFileType = image.png; path = "icon settings ios5-7 29pt.png"; sourceTree = "<group>"; };
		C6E3F70B1828667400D07BEB /* icon soptlightios5,6 29pt.png */ = {isa = PBXFileReference; lastKnownFileType = image.png; path = "icon soptlightios5,6 29pt.png"; sourceTree = "<group>"; };
		C6E3F70C1828667400D07BEB /* icon ios7 60pt.png */ = {isa = PBXFileReference; lastKnownFileType = image.png; path = "icon ios7 60pt.png"; sourceTree = "<group>"; };
		C6E3F70D1828667400D07BEB /* icon ios5,6 57pt.png */ = {isa = PBXFileReference; lastKnownFileType = image.png; path = "icon ios5,6 57pt.png"; sourceTree = "<group>"; };
/* End PBXFileReference section */

/* Begin PBXFrameworksBuildPhase section */
		28E44A9317E3C5510084543B /* Frameworks */ = {
			isa = PBXFrameworksBuildPhase;
			buildActionMask = 2147483647;
			files = (
				28BB7A6418AC35AD002BC54B /* SystemConfiguration.framework in Frameworks */,
				28BB7A6218AC359A002BC54B /* MobileCoreServices.framework in Frameworks */,
				28E676D7181C58040048ADF4 /* DBChooser.framework in Frameworks */,
				28D8117118187C7B00DC5145 /* DropboxSDK.framework in Frameworks */,
				C60C02531811E0C80055951E /* Social.framework in Frameworks */,
				9A89305A1811BA01005B03DC /* QuartzCore.framework in Frameworks */,
				3291990618111B65000FBAE3 /* Security.framework in Frameworks */,
				28E44B3217E3C7600084543B /* MessageUI.framework in Frameworks */,
				28E44B3017E3C75A0084543B /* CoreData.framework in Frameworks */,
				28E44A9A17E3C5510084543B /* UIKit.framework in Frameworks */,
				28E44A9C17E3C5510084543B /* Foundation.framework in Frameworks */,
				28E44A9E17E3C5510084543B /* CoreGraphics.framework in Frameworks */,
			);
			runOnlyForDeploymentPostprocessing = 0;
		};
		28E44AB817E3C5510084543B /* Frameworks */ = {
			isa = PBXFrameworksBuildPhase;
			buildActionMask = 2147483647;
			files = (
				28E44B3617E3C8240084543B /* CoreData.framework in Frameworks */,
				28E44ABF17E3C5510084543B /* UIKit.framework in Frameworks */,
				28E44AC017E3C5510084543B /* Foundation.framework in Frameworks */,
			);
			runOnlyForDeploymentPostprocessing = 0;
		};
/* End PBXFrameworksBuildPhase section */

/* Begin PBXGroup section */
		288C02C017E6072900347FA8 /* Model */ = {
			isa = PBXGroup;
			children = (
				28EAC94F17F2F0140089467C /* DatabaseManager.h */,
				28EAC95017F2F0140089467C /* DatabaseManager.m */,
				329456FA1832CDBB0043D153 /* Filter.h */,
				329456FB1832CDBB0043D153 /* Filter.m */,
				284FAF9017F2F1FD006C9359 /* NTTDataJobAppDatabase.xcdatamodel */,
				28FE35AA18B2D425006264C6 /* Application.h */,
				28FE35AB18B2D425006264C6 /* Application.m */,
				281724931806B3E800F2D250 /* Faq.h */,
				281724941806B3E800F2D250 /* Faq.m */,
				281724901806B3E700F2D250 /* Rating.h */,
				281724911806B3E700F2D250 /* Rating.m */,
				283B7D5317FB50C3005F40C7 /* MyProfile.h */,
				283B7D5417FB50C3005F40C7 /* MyProfile.m */,
				283B7D5017FB50C3005F40C7 /* OpenPosition.h */,
				283B7D5117FB50C3005F40C7 /* OpenPosition.m */,
				283B7D4D17FB50C3005F40C7 /* JobTitle.h */,
				283B7D4E17FB50C3005F40C7 /* JobTitle.m */,
				283B7D4717FB50C3005F40C7 /* Experience.h */,
				283B7D4817FB50C3005F40C7 /* Experience.m */,
				283B7D4417FB50C3005F40C7 /* Topic.h */,
				283B7D4517FB50C3005F40C7 /* Topic.m */,
				283B7D4117FB50C2005F40C7 /* Location.h */,
				283B7D4217FB50C2005F40C7 /* Location.m */,
				283B7D5917FC1A91005F40C7 /* ProfileValidater.h */,
				283B7D5A17FC1A91005F40C7 /* ProfileValidater.m */,
				283B7D5E17FDD36B005F40C7 /* Helper.h */,
				283B7D5F17FDD36B005F40C7 /* Helper.m */,
			);
			name = Model;
			path = ../Model;
			sourceTree = "<group>";
		};
		288E4EA518B4B51700E2CB3E /* LinkedIn */ = {
			isa = PBXGroup;
			children = (
				288E4EDD18B51CE600E2CB3E /* linkedin.png */,
			);
			name = LinkedIn;
			sourceTree = "<group>";
		};
		28BB7A3218AB8421002BC54B /* Xing */ = {
			isa = PBXGroup;
			children = (
				28BB7A7418AC3637002BC54B /* Helper */,
				28BB7A3618AB84DE002BC54B /* XNGAPIClient.h */,
				28BB7A3718AB84DE002BC54B /* XNGAPIClient.m */,
				28BB7A3818AB84DE002BC54B /* XNGAPIClient+UserProfiles.h */,
				28BB7A3918AB84DE002BC54B /* XNGAPIClient+UserProfiles.m */,
			);
			name = Xing;
			sourceTree = "<group>";
		};
		28BB7A7418AC3637002BC54B /* Helper */ = {
			isa = PBXGroup;
			children = (
				288E4EDF18B5787A00E2CB3E /* XNGLoginWebViewController.h */,
				288E4EE018B5787A00E2CB3E /* XNGLoginWebViewController.m */,
				28BB7A6D18AC361D002BC54B /* NSError+XWS.h */,
				28BB7A6E18AC361D002BC54B /* NSError+XWS.m */,
				28BB7A4518AC34C7002BC54B /* AFHTTPClient.h */,
				28BB7A4618AC34C7002BC54B /* AFHTTPClient.m */,
				28BB7A4718AC34C7002BC54B /* AFHTTPRequestOperation.h */,
				28BB7A4818AC34C7002BC54B /* AFHTTPRequestOperation.m */,
				28BB7A4918AC34C7002BC54B /* AFImageRequestOperation.h */,
				28BB7A4A18AC34C7002BC54B /* AFImageRequestOperation.m */,
				28BB7A4B18AC34C7002BC54B /* AFJSONRequestOperation.h */,
				28BB7A4C18AC34C7002BC54B /* AFJSONRequestOperation.m */,
				28BB7A4D18AC34C7002BC54B /* AFNetworkActivityIndicatorManager.h */,
				28BB7A4E18AC34C7002BC54B /* AFNetworkActivityIndicatorManager.m */,
				28BB7A4F18AC34C7002BC54B /* AFNetworking.h */,
				28BB7A5018AC34C7002BC54B /* AFPropertyListRequestOperation.h */,
				28BB7A5118AC34C7002BC54B /* AFPropertyListRequestOperation.m */,
				28BB7A5218AC34C7002BC54B /* AFURLConnectionOperation.h */,
				28BB7A5318AC34C7002BC54B /* AFURLConnectionOperation.m */,
				28BB7A5418AC34C7002BC54B /* AFXMLRequestOperation.h */,
				28BB7A5518AC34C7002BC54B /* AFXMLRequestOperation.m */,
				28BB7A5618AC34C7002BC54B /* UIImageView+AFNetworking.h */,
				28BB7A5718AC34C7002BC54B /* UIImageView+AFNetworking.m */,
				28BB7A4218AC34AF002BC54B /* AFOAuth1Client.h */,
				28BB7A4318AC34AF002BC54B /* AFOAuth1Client.m */,
				28BB7A3C18AC34A3002BC54B /* SSKeychain.h */,
				28BB7A3D18AC34A3002BC54B /* SSKeychain.m */,
				28BB7A3E18AC34A3002BC54B /* SSKeychainQuery.h */,
				28BB7A3F18AC34A3002BC54B /* SSKeychainQuery.m */,
				28BB7A6618AC361D002BC54B /* NSDictionary+Typecheck.m */,
				28BB7A6718AC361D002BC54B /* NSString+URLEncoding.h */,
				28BB7A6818AC361D002BC54B /* NSString+URLEncoding.m */,
				28BB7A6918AC361D002BC54B /* XNGJSONRequestOperation.h */,
				28BB7A6A18AC361D002BC54B /* XNGJSONRequestOperation.m */,
				28BB7A6B18AC361D002BC54B /* XNGOAuthHandler.h */,
				28BB7A6C18AC361D002BC54B /* XNGOAuthHandler.m */,
				28BB7A6518AC361D002BC54B /* NSDictionary+Typecheck.h */,
				9A2B801B18908FF300CFA92F /* xing.jpg */,
			);
			name = Helper;
			sourceTree = "<group>";
		};
		28E44A8D17E3C5510084543B = {
			isa = PBXGroup;
			children = (
				28E44A9F17E3C5510084543B /* NTT Data Job Application App */,
				28E44AC317E3C5510084543B /* NTT Data Job Application AppTests */,
				28E44A9817E3C5510084543B /* Frameworks */,
				28E44A9717E3C5510084543B /* Products */,
			);
			sourceTree = "<group>";
		};
		28E44A9717E3C5510084543B /* Products */ = {
			isa = PBXGroup;
			children = (
				28E44A9617E3C5510084543B /* NTT Data Job Application App.app */,
				28E44ABC17E3C5510084543B /* NTT Data Job Application AppTests.xctest */,
			);
			name = Products;
			sourceTree = "<group>";
		};
		28E44A9817E3C5510084543B /* Frameworks */ = {
			isa = PBXGroup;
			children = (
				28BB7A6318AC35AD002BC54B /* SystemConfiguration.framework */,
				28BB7A6118AC359A002BC54B /* MobileCoreServices.framework */,
				28E676D6181C58040048ADF4 /* DBChooser.framework */,
				28D8117018187C7B00DC5145 /* DropboxSDK.framework */,
				C60C02521811E0C80055951E /* Social.framework */,
				9A8930591811BA01005B03DC /* QuartzCore.framework */,
				3291990518111B65000FBAE3 /* Security.framework */,
				28E44B3117E3C7600084543B /* MessageUI.framework */,
				28E44B2F17E3C75A0084543B /* CoreData.framework */,
				28E44A9917E3C5510084543B /* UIKit.framework */,
				28E44A9B17E3C5510084543B /* Foundation.framework */,
				28E44A9D17E3C5510084543B /* CoreGraphics.framework */,
			);
			name = Frameworks;
			sourceTree = "<group>";
		};
		28E44A9F17E3C5510084543B /* NTT Data Job Application App */ = {
			isa = PBXGroup;
			children = (
				28E44B2117E3C6CB0084543B /* FoundPositionDetailViewController.h */,
				28E44B2217E3C6CB0084543B /* FoundPositionDetailViewController.m */,
				28E44B2317E3C6CB0084543B /* FoundPositionsOverviewViewController.h */,
				28E44B2417E3C6CB0084543B /* FoundPositionsOverviewViewController.m */,
				9A187E0017FB3C710097650D /* MyApplicationsViewController.h */,
				9A187E0117FB3C710097650D /* MyApplicationsViewController.m */,
				9A187DFD17FB3BB40097650D /* MyProfileViewController.h */,
				9A514A3617FCD4460039553D /* MyProfileViewController.m */,
				28E44B2517E3C6CB0084543B /* JobProposalViewController.h */,
				28E44B2617E3C6CB0084543B /* JobProposalViewController.m */,
				28E44B2717E3C6CB0084543B /* JobSearchViewController.h */,
				28E44B2817E3C6CB0084543B /* JobSearchViewController.m */,
				28E44B2D17E3C6D50084543B /* MainStoryboard.storyboard */,
				9A8EE6E718257EB100E4F2FA /* MyFilterSetsViewController.h */,
				9A8EE6E818257EB100E4F2FA /* MyFilterSetsViewController.m */,
				329703C11811680E0095799F /* DropBoxViewController.h */,
				329703C21811680E0095799F /* DropBoxViewController.m */,
				9A911EC817FCDE4B004DFBD0 /* FAQViewController.h */,
				9A911EC917FCDE4B004DFBD0 /* FAQViewController.m */,
				9A911ECB17FCDE72004DFBD0 /* AnswerViewController.h */,
				9A911ECC17FCDE72004DFBD0 /* AnswerViewController.m */,
				C695479A18A1ABC800461ED4 /* TutorialViewController.h */,
				C695479B18A1ABC800461ED4 /* TutorialViewController.m */,
				C695479D18A1AC4200461ED4 /* AppSettingsHelper.h */,
				C695479E18A1AC4200461ED4 /* AppSettingsHelper.m */,
				9A86A22F17F23A41009F8DA3 /* FreeTextSearchViewController.h */,
				9A86A23017F23A41009F8DA3 /* FreeTextSearchViewController.m */,
				80172A6D17EC949600538821 /* ApplicationViewController.h */,
				80172A6E17EC949600538821 /* ApplicationViewController.m */,
				28E676D3181C574B0048ADF4 /* SelectedFilesViewController.h */,
				28E676D4181C574B0048ADF4 /* SelectedFilesViewController.m */,
				3299B1AB18BC9D5B00DD2CE3 /* NotificationProcessing.h */,
				3299B1AC18BC9D5B00DD2CE3 /* NotificationProcessing.m */,
				288E4EA518B4B51700E2CB3E /* LinkedIn */,
				28BB7A3218AB8421002BC54B /* Xing */,
				9A95DA2318356CC7008AC7AD /* JVFloatLabeledTextField */,
				288C02C017E6072900347FA8 /* Model */,
				28E44AFE17E3C68A0084543B /* SBJson */,
				28E44AD417E3C5810084543B /* connection handling */,
				C6DC690D182715EF0086B32A /* Images.xcassets */,
				28E44AA017E3C5510084543B /* Supporting Files */,
			);
			path = "NTT Data Job Application App";
			sourceTree = "<group>";
		};
		28E44AA017E3C5510084543B /* Supporting Files */ = {
			isa = PBXGroup;
			children = (
				C69547A018A1B55500461ED4 /* 1.png */,
				C69547A118A1B55500461ED4 /* 2.png */,
				C69547A218A1B55500461ED4 /* 3.png */,
				C69547A318A1B55500461ED4 /* 4.png */,
				C69547A418A1B55500461ED4 /* 5.png */,
				C69547A518A1B55500461ED4 /* 6.png */,
				C69547A618A1B55500461ED4 /* 7.png */,
				C69547A718A1B55500461ED4 /* 8.png */,
				C69547A818A1B55500461ED4 /* 9.png */,
				C69547A918A1B55500461ED4 /* 10.png */,
				C69547B418A1B5C300461ED4 /* 9250.png */,
				9A8E480D1838260300344C40 /* star_empty.png */,
				9A8E480A1838214600344C40 /* star_full.png */,
				9AA47B571831833400044D11 /* images.png */,
				C6E3F7081828667400D07BEB /* icon ios 5,6 57pt.png */,
				C6E3F7091828667400D07BEB /* icon spotlight ios7 40pt.png */,
				C6E3F70A1828667400D07BEB /* icon settings ios5-7 29pt.png */,
				C6E3F70B1828667400D07BEB /* icon soptlightios5,6 29pt.png */,
				C6E3F70C1828667400D07BEB /* icon ios7 60pt.png */,
				C6E3F70D1828667400D07BEB /* icon ios5,6 57pt.png */,
				9A44D09018284A26003CE0F0 /* save.png */,
				9AD746F418128F350020C2E4 /* facebook-twitter.png */,
				80E166741817154A0091BC92 /* question.png */,
				80E16672181714EA0091BC92 /* phone-book.png */,
				28E44AA117E3C5510084543B /* NTT Data Job Application App-Info.plist */,
				C65919D8181DD1F800366A0D /* Twitter.png */,
				C65919DA181DD3B300366A0D /* Facebook.png */,
				28E44B3317E3C7A30084543B /* AppDelegate.h */,
				28E44B3417E3C7A30084543B /* AppDelegate.m */,
				28E44AA217E3C5510084543B /* InfoPlist.strings */,
				28E44AA517E3C5510084543B /* main.m */,
				28E44AA717E3C5510084543B /* NTT Data Job Application App-Prefix.pch */,
				329703BA181151770095799F /* DBLogo.png */,
				28E44AAB17E3C5510084543B /* Default.png */,
				80E16670181712D40091BC92 /* search.png */,
				28E44AAD17E3C5510084543B /* Default@2x.png */,
				28E44AAF17E3C5510084543B /* Default-568h@2x.png */,
			);
			name = "Supporting Files";
			sourceTree = "<group>";
		};
		28E44AC317E3C5510084543B /* NTT Data Job Application AppTests */ = {
			isa = PBXGroup;
			children = (
				28904F7B17EFBB1F00C2B733 /* CoreDataManagerTest.m */,
				283B7D5C17FC1AD5005F40C7 /* ValidaterTest.m */,
				28E44AC417E3C5510084543B /* Supporting Files */,
			);
			path = "NTT Data Job Application AppTests";
			sourceTree = "<group>";
		};
		28E44AC417E3C5510084543B /* Supporting Files */ = {
			isa = PBXGroup;
			children = (
				28E44AC517E3C5510084543B /* NTT Data Job Application AppTests-Info.plist */,
				28E44AC617E3C5510084543B /* InfoPlist.strings */,
			);
			name = "Supporting Files";
			sourceTree = "<group>";
		};
		28E44AD417E3C5810084543B /* connection handling */ = {
			isa = PBXGroup;
			children = (
				28E44AD517E3C5810084543B /* Constants.h */,
				28E44AD817E3C5810084543B /* OSConnectionManager.h */,
				28E44AD917E3C5810084543B /* OSConnectionManager.m */,
				28E44ADA17E3C5810084543B /* OSURLHelper.h */,
				28E44ADB17E3C5810084543B /* OSURLHelper.m */,
			);
			path = "connection handling";
			sourceTree = "<group>";
		};
		28E44AFE17E3C68A0084543B /* SBJson */ = {
			isa = PBXGroup;
			children = (
				28BDF232180357C500132948 /* SBJson.h */,
				28BDF233180357C500132948 /* SBJsonParser.h */,
				28BDF234180357C500132948 /* SBJsonParser.m */,
				28BDF235180357C500132948 /* SBJsonStreamParser.h */,
				28BDF236180357C500132948 /* SBJsonStreamParser.m */,
				28BDF237180357C500132948 /* SBJsonStreamParserAccumulator.h */,
				28BDF238180357C500132948 /* SBJsonStreamParserAccumulator.m */,
				28BDF239180357C500132948 /* SBJsonStreamParserAdapter.h */,
				28BDF23A180357C500132948 /* SBJsonStreamParserAdapter.m */,
				28BDF23B180357C500132948 /* SBJsonStreamParserState.h */,
				28BDF23C180357C500132948 /* SBJsonStreamParserState.m */,
				28BDF23D180357C500132948 /* SBJsonStreamTokeniser.h */,
				28BDF23E180357C500132948 /* SBJsonStreamTokeniser.m */,
				28BDF23F180357C500132948 /* SBJsonStreamWriter.h */,
				28BDF240180357C500132948 /* SBJsonStreamWriter.m */,
				28BDF241180357C500132948 /* SBJsonStreamWriterAccumulator.h */,
				28BDF242180357C500132948 /* SBJsonStreamWriterAccumulator.m */,
				28BDF243180357C500132948 /* SBJsonStreamWriterState.h */,
				28BDF244180357C500132948 /* SBJsonStreamWriterState.m */,
				28BDF245180357C500132948 /* SBJsonWriter.h */,
				28BDF246180357C500132948 /* SBJsonWriter.m */,
			);
			path = SBJson;
			sourceTree = "<group>";
		};
		9A95DA2318356CC7008AC7AD /* JVFloatLabeledTextField */ = {
			isa = PBXGroup;
			children = (
				9A95DA2418356CC7008AC7AD /* JVFloatLabeledTextField.h */,
				9A95DA2518356CC7008AC7AD /* JVFloatLabeledTextField.m */,
			);
			path = JVFloatLabeledTextField;
			sourceTree = "<group>";
		};
/* End PBXGroup section */

/* Begin PBXNativeTarget section */
		28E44A9517E3C5510084543B /* NTT Data Job Application App */ = {
			isa = PBXNativeTarget;
			buildConfigurationList = 28E44ACE17E3C5510084543B /* Build configuration list for PBXNativeTarget "NTT Data Job Application App" */;
			buildPhases = (
				28E44A9217E3C5510084543B /* Sources */,
				28E44A9317E3C5510084543B /* Frameworks */,
				28E44A9417E3C5510084543B /* Resources */,
			);
			buildRules = (
			);
			dependencies = (
			);
			name = "NTT Data Job Application App";
			productName = "NTT Data Job Application App";
			productReference = 28E44A9617E3C5510084543B /* NTT Data Job Application App.app */;
			productType = "com.apple.product-type.application";
		};
		28E44ABB17E3C5510084543B /* NTT Data Job Application AppTests */ = {
			isa = PBXNativeTarget;
			buildConfigurationList = 28E44AD117E3C5510084543B /* Build configuration list for PBXNativeTarget "NTT Data Job Application AppTests" */;
			buildPhases = (
				28E44AB717E3C5510084543B /* Sources */,
				28E44AB817E3C5510084543B /* Frameworks */,
				28E44AB917E3C5510084543B /* Resources */,
				28E44ABA17E3C5510084543B /* ShellScript */,
			);
			buildRules = (
			);
			dependencies = (
				28E44AC217E3C5510084543B /* PBXTargetDependency */,
			);
			name = "NTT Data Job Application AppTests";
			productName = "NTT Data Job Application AppTests";
			productReference = 28E44ABC17E3C5510084543B /* NTT Data Job Application AppTests.xctest */;
			productType = "com.apple.product-type.bundle.unit-test";
		};
/* End PBXNativeTarget section */

/* Begin PBXProject section */
		28E44A8E17E3C5510084543B /* Project object */ = {
			isa = PBXProject;
			attributes = {
				LastUpgradeCheck = 0460;
				ORGANIZATIONNAME = "University of Mannheim - NTT Data Team Project";
				TargetAttributes = {
					28E44A9517E3C5510084543B = {
						DevelopmentTeam = 2ZT7XP3AR4;
					};
				};
			};
			buildConfigurationList = 28E44A9117E3C5510084543B /* Build configuration list for PBXProject "NTT Data Job Application App" */;
			compatibilityVersion = "Xcode 3.2";
			developmentRegion = English;
			hasScannedForEncodings = 0;
			knownRegions = (
				en,
			);
			mainGroup = 28E44A8D17E3C5510084543B;
			productRefGroup = 28E44A9717E3C5510084543B /* Products */;
			projectDirPath = "";
			projectRoot = "";
			targets = (
				28E44A9517E3C5510084543B /* NTT Data Job Application App */,
				28E44ABB17E3C5510084543B /* NTT Data Job Application AppTests */,
			);
		};
/* End PBXProject section */

/* Begin PBXResourcesBuildPhase section */
		28E44A9417E3C5510084543B /* Resources */ = {
			isa = PBXResourcesBuildPhase;
			buildActionMask = 2147483647;
			files = (
				C69547B218A1B55500461ED4 /* 9.png in Resources */,
				C69547AE18A1B55500461ED4 /* 5.png in Resources */,
				C69547AB18A1B55500461ED4 /* 2.png in Resources */,
				9AD746F518128F350020C2E4 /* facebook-twitter.png in Resources */,
				C69547B318A1B55500461ED4 /* 10.png in Resources */,
				C6DC690E182715EF0086B32A /* Images.xcassets in Resources */,
				329703BB181151770095799F /* DBLogo.png in Resources */,
				C6E3F70E1828667400D07BEB /* icon ios 5,6 57pt.png in Resources */,
				C69547AA18A1B55500461ED4 /* 1.png in Resources */,
				80E16673181714EA0091BC92 /* phone-book.png in Resources */,
				C6E3F7111828667400D07BEB /* icon soptlightios5,6 29pt.png in Resources */,
				C69547AD18A1B55500461ED4 /* 4.png in Resources */,
				C69547B518A1B5C300461ED4 /* 9250.png in Resources */,
				28E44AA417E3C5510084543B /* InfoPlist.strings in Resources */,
				80E16671181712D40091BC92 /* search.png in Resources */,
				80E166751817154A0091BC92 /* question.png in Resources */,
				9A8E480E1838260300344C40 /* star_empty.png in Resources */,
				288E4EDE18B51CE600E2CB3E /* linkedin.png in Resources */,
				C69547AC18A1B55500461ED4 /* 3.png in Resources */,
				C65919D9181DD1F800366A0D /* Twitter.png in Resources */,
				C69547B118A1B55500461ED4 /* 8.png in Resources */,
				28E44AAC17E3C5510084543B /* Default.png in Resources */,
				28E44AAE17E3C5510084543B /* Default@2x.png in Resources */,
				9A44D09118284A26003CE0F0 /* save.png in Resources */,
				C6E3F70F1828667400D07BEB /* icon spotlight ios7 40pt.png in Resources */,
				C65919DB181DD3B300366A0D /* Facebook.png in Resources */,
				C69547B018A1B55500461ED4 /* 7.png in Resources */,
				C6E3F7131828667400D07BEB /* icon ios5,6 57pt.png in Resources */,
				C6E3F7101828667400D07BEB /* icon settings ios5-7 29pt.png in Resources */,
				C69547AF18A1B55500461ED4 /* 6.png in Resources */,
				9A8E480C1838214600344C40 /* star_full.png in Resources */,
				28E44AB017E3C5510084543B /* Default-568h@2x.png in Resources */,
				9AA47B581831833400044D11 /* images.png in Resources */,
				C6E3F7121828667400D07BEB /* icon ios7 60pt.png in Resources */,
				28E44B2E17E3C6D50084543B /* MainStoryboard.storyboard in Resources */,
			);
			runOnlyForDeploymentPostprocessing = 0;
		};
		28E44AB917E3C5510084543B /* Resources */ = {
			isa = PBXResourcesBuildPhase;
			buildActionMask = 2147483647;
			files = (
				28E44AC817E3C5510084543B /* InfoPlist.strings in Resources */,
			);
			runOnlyForDeploymentPostprocessing = 0;
		};
/* End PBXResourcesBuildPhase section */

/* Begin PBXShellScriptBuildPhase section */
		28E44ABA17E3C5510084543B /* ShellScript */ = {
			isa = PBXShellScriptBuildPhase;
			buildActionMask = 2147483647;
			files = (
			);
			inputPaths = (
			);
			outputPaths = (
			);
			runOnlyForDeploymentPostprocessing = 0;
			shellPath = /bin/sh;
			shellScript = "# Run the unit tests in this test bundle.\n\"${SYSTEM_DEVELOPER_DIR}/Tools/RunUnitTests\"\n";
		};
/* End PBXShellScriptBuildPhase section */

/* Begin PBXSourcesBuildPhase section */
		28E44A9217E3C5510084543B /* Sources */ = {
			isa = PBXSourcesBuildPhase;
			buildActionMask = 2147483647;
			files = (
				28BB7A7318AC361D002BC54B /* NSError+XWS.m in Sources */,
				28BB7A5918AC34C7002BC54B /* AFHTTPRequestOperation.m in Sources */,
				9A95DA2718356DED008AC7AD /* JVFloatLabeledTextField.m in Sources */,
				28E44AA617E3C5510084543B /* main.m in Sources */,
				28BDF24C180357C500132948 /* SBJsonStreamTokeniser.m in Sources */,
				28BB7A5E18AC34C7002BC54B /* AFURLConnectionOperation.m in Sources */,
				28BB7A5C18AC34C7002BC54B /* AFNetworkActivityIndicatorManager.m in Sources */,
				283B7D5B17FC1A91005F40C7 /* ProfileValidater.m in Sources */,
				28EAC95717F2F0140089467C /* DatabaseManager.m in Sources */,
				28E44ADD17E3C5810084543B /* OSConnectionManager.m in Sources */,
				283B7D4617FB50C3005F40C7 /* Topic.m in Sources */,
				C695479C18A1ABC800461ED4 /* TutorialViewController.m in Sources */,
				281724921806B3E700F2D250 /* Rating.m in Sources */,
				28E44ADE17E3C5810084543B /* OSURLHelper.m in Sources */,
				283B7D5517FB50C3005F40C7 /* MyProfile.m in Sources */,
				28BB7A5818AC34C7002BC54B /* AFHTTPClient.m in Sources */,
				9A86A23117F23A41009F8DA3 /* FreeTextSearchViewController.m in Sources */,
				28BB7A5B18AC34C7002BC54B /* AFJSONRequestOperation.m in Sources */,
				C695479F18A1AC4200461ED4 /* AppSettingsHelper.m in Sources */,
				28BB7A7218AC361D002BC54B /* XNGOAuthHandler.m in Sources */,
				28BB7A5F18AC34C7002BC54B /* AFXMLRequestOperation.m in Sources */,
				9A911ECD17FCDE72004DFBD0 /* AnswerViewController.m in Sources */,
				28BDF24A180357C500132948 /* SBJsonStreamParserAdapter.m in Sources */,
				28BDF250180357C500132948 /* SBJsonWriter.m in Sources */,
				28BB7A5A18AC34C7002BC54B /* AFImageRequestOperation.m in Sources */,
				28BDF249180357C500132948 /* SBJsonStreamParserAccumulator.m in Sources */,
				28BDF24F180357C500132948 /* SBJsonStreamWriterState.m in Sources */,
				329456FC1832CDBB0043D153 /* Filter.m in Sources */,
				3299B1AD18BC9D5B00DD2CE3 /* NotificationProcessing.m in Sources */,
				28FE35AC18B2D425006264C6 /* Application.m in Sources */,
				28BB7A4418AC34AF002BC54B /* AFOAuth1Client.m in Sources */,
				28BDF24B180357C500132948 /* SBJsonStreamParserState.m in Sources */,
				28BDF248180357C500132948 /* SBJsonStreamParser.m in Sources */,
				9A911ECA17FCDE4B004DFBD0 /* FAQViewController.m in Sources */,
				284FAF9117F2F1FD006C9359 /* NTTDataJobAppDatabase.xcdatamodel in Sources */,
				28BB7A4118AC34A3002BC54B /* SSKeychainQuery.m in Sources */,
				28BDF24E180357C500132948 /* SBJsonStreamWriterAccumulator.m in Sources */,
				283B7D6017FDD36B005F40C7 /* Helper.m in Sources */,
				28BB7A7118AC361D002BC54B /* XNGJSONRequestOperation.m in Sources */,
				283B7D5217FB50C3005F40C7 /* OpenPosition.m in Sources */,
				283B7D4917FB50C3005F40C7 /* Experience.m in Sources */,
				28E44B2917E3C6CB0084543B /* FoundPositionDetailViewController.m in Sources */,
				283B7D4317FB50C2005F40C7 /* Location.m in Sources */,
				28BB7A6018AC34C7002BC54B /* UIImageView+AFNetworking.m in Sources */,
				28E44B2A17E3C6CB0084543B /* FoundPositionsOverviewViewController.m in Sources */,
				28E44B2B17E3C6CB0084543B /* JobProposalViewController.m in Sources */,
				283B7D4F17FB50C3005F40C7 /* JobTitle.m in Sources */,
				28BB7A7018AC361D002BC54B /* NSString+URLEncoding.m in Sources */,
				28BB7A3B18AB84DE002BC54B /* XNGAPIClient+UserProfiles.m in Sources */,
				28E44B2C17E3C6CB0084543B /* JobSearchViewController.m in Sources */,
				9A187E0217FB3C710097650D /* MyApplicationsViewController.m in Sources */,
				28E676D5181C574B0048ADF4 /* SelectedFilesViewController.m in Sources */,
				281724951806B3E800F2D250 /* Faq.m in Sources */,
				28E44B3517E3C7A30084543B /* AppDelegate.m in Sources */,
				329703C31811680E0095799F /* DropBoxViewController.m in Sources */,
				28BB7A4018AC34A3002BC54B /* SSKeychain.m in Sources */,
				28BDF247180357C500132948 /* SBJsonParser.m in Sources */,
				28BB7A5D18AC34C7002BC54B /* AFPropertyListRequestOperation.m in Sources */,
				288E4EE118B5787A00E2CB3E /* XNGLoginWebViewController.m in Sources */,
				9A514A3717FCD4460039553D /* MyProfileViewController.m in Sources */,
				9A8EE6E918257EB100E4F2FA /* MyFilterSetsViewController.m in Sources */,
				28BDF24D180357C500132948 /* SBJsonStreamWriter.m in Sources */,
				28BB7A6F18AC361D002BC54B /* NSDictionary+Typecheck.m in Sources */,
				80172A6F17EC949600538821 /* ApplicationViewController.m in Sources */,
				28BB7A3A18AB84DE002BC54B /* XNGAPIClient.m in Sources */,
			);
			runOnlyForDeploymentPostprocessing = 0;
		};
		28E44AB717E3C5510084543B /* Sources */ = {
			isa = PBXSourcesBuildPhase;
			buildActionMask = 2147483647;
			files = (
				283B7D5D17FC1AD5005F40C7 /* ValidaterTest.m in Sources */,
				28904F7C17EFBB1F00C2B733 /* CoreDataManagerTest.m in Sources */,
			);
			runOnlyForDeploymentPostprocessing = 0;
		};
/* End PBXSourcesBuildPhase section */

/* Begin PBXTargetDependency section */
		28E44AC217E3C5510084543B /* PBXTargetDependency */ = {
			isa = PBXTargetDependency;
			target = 28E44A9517E3C5510084543B /* NTT Data Job Application App */;
			targetProxy = 28E44AC117E3C5510084543B /* PBXContainerItemProxy */;
		};
/* End PBXTargetDependency section */

/* Begin PBXVariantGroup section */
		28E44AA217E3C5510084543B /* InfoPlist.strings */ = {
			isa = PBXVariantGroup;
			children = (
				28E44AA317E3C5510084543B /* en */,
			);
			name = InfoPlist.strings;
			sourceTree = "<group>";
		};
		28E44AC617E3C5510084543B /* InfoPlist.strings */ = {
			isa = PBXVariantGroup;
			children = (
				28E44AC717E3C5510084543B /* en */,
			);
			name = InfoPlist.strings;
			sourceTree = "<group>";
		};
/* End PBXVariantGroup section */

/* Begin XCBuildConfiguration section */
		28E44ACC17E3C5510084543B /* Debug */ = {
			isa = XCBuildConfiguration;
			buildSettings = {
				ALWAYS_SEARCH_USER_PATHS = NO;
				CLANG_CXX_LANGUAGE_STANDARD = "gnu++0x";
				CLANG_CXX_LIBRARY = "libc++";
				CLANG_ENABLE_OBJC_ARC = YES;
				CLANG_WARN_CONSTANT_CONVERSION = YES;
				CLANG_WARN_EMPTY_BODY = YES;
				CLANG_WARN_ENUM_CONVERSION = YES;
				CLANG_WARN_INT_CONVERSION = YES;
				CLANG_WARN__DUPLICATE_METHOD_MATCH = YES;
				"CODE_SIGN_IDENTITY[sdk=iphoneos*]" = "iPhone Developer";
				COPY_PHASE_STRIP = NO;
				GCC_C_LANGUAGE_STANDARD = gnu99;
				GCC_DYNAMIC_NO_PIC = NO;
				GCC_OPTIMIZATION_LEVEL = 0;
				GCC_PREPROCESSOR_DEFINITIONS = (
					"DEBUG=1",
					"$(inherited)",
				);
				GCC_SYMBOLS_PRIVATE_EXTERN = NO;
				GCC_WARN_ABOUT_RETURN_TYPE = YES;
				GCC_WARN_UNINITIALIZED_AUTOS = YES;
				GCC_WARN_UNUSED_VARIABLE = YES;
				IPHONEOS_DEPLOYMENT_TARGET = 6.1;
				ONLY_ACTIVE_ARCH = YES;
				SCAN_ALL_SOURCE_FILES_FOR_INCLUDES = YES;
				SDKROOT = iphoneos;
			};
			name = Debug;
		};
		28E44ACD17E3C5510084543B /* Release */ = {
			isa = XCBuildConfiguration;
			buildSettings = {
				ALWAYS_SEARCH_USER_PATHS = NO;
				CLANG_CXX_LANGUAGE_STANDARD = "gnu++0x";
				CLANG_CXX_LIBRARY = "libc++";
				CLANG_ENABLE_OBJC_ARC = YES;
				CLANG_WARN_CONSTANT_CONVERSION = YES;
				CLANG_WARN_EMPTY_BODY = YES;
				CLANG_WARN_ENUM_CONVERSION = YES;
				CLANG_WARN_INT_CONVERSION = YES;
				CLANG_WARN__DUPLICATE_METHOD_MATCH = YES;
				"CODE_SIGN_IDENTITY[sdk=iphoneos*]" = "iPhone Developer";
				COPY_PHASE_STRIP = YES;
				GCC_C_LANGUAGE_STANDARD = gnu99;
				GCC_WARN_ABOUT_RETURN_TYPE = YES;
				GCC_WARN_UNINITIALIZED_AUTOS = YES;
				GCC_WARN_UNUSED_VARIABLE = YES;
				IPHONEOS_DEPLOYMENT_TARGET = 6.1;
				ONLY_ACTIVE_ARCH = YES;
				OTHER_CFLAGS = "-DNS_BLOCK_ASSERTIONS=1";
				SCAN_ALL_SOURCE_FILES_FOR_INCLUDES = YES;
				SDKROOT = iphoneos;
				VALIDATE_PRODUCT = YES;
			};
			name = Release;
		};
		28E44ACF17E3C5510084543B /* Debug */ = {
			isa = XCBuildConfiguration;
			buildSettings = {
				ASSETCATALOG_COMPILER_APPICON_NAME = AppIcon;
				ASSETCATALOG_COMPILER_LAUNCHIMAGE_NAME = LaunchImage;
				CODE_SIGN_IDENTITY = "iPhone Developer";
				"CODE_SIGN_IDENTITY[sdk=iphoneos*]" = "iPhone Developer";
				FRAMEWORK_SEARCH_PATHS = (
					"./NTT\\ Data\\ Job\\ Application\\ App",
					/Library/Frameworks,
				);
				GCC_PRECOMPILE_PREFIX_HEADER = YES;
				GCC_PREFIX_HEADER = "NTT Data Job Application App/NTT Data Job Application App-Prefix.pch";
				INFOPLIST_FILE = "NTT Data Job Application App/NTT Data Job Application App-Info.plist";
				LIBRARY_SEARCH_PATHS = /Library/Frameworks;
				PRODUCT_NAME = "$(TARGET_NAME)";
				PROVISIONING_PROFILE = "";
				WRAPPER_EXTENSION = app;
			};
			name = Debug;
		};
		28E44AD017E3C5510084543B /* Release */ = {
			isa = XCBuildConfiguration;
			buildSettings = {
				ASSETCATALOG_COMPILER_APPICON_NAME = AppIcon;
				ASSETCATALOG_COMPILER_LAUNCHIMAGE_NAME = LaunchImage;
				CODE_SIGN_IDENTITY = "iPhone Developer";
				"CODE_SIGN_IDENTITY[sdk=iphoneos*]" = "iPhone Developer";
				FRAMEWORK_SEARCH_PATHS = (
					"./NTT\\ Data\\ Job\\ Application\\ App",
					/Library/Frameworks,
				);
				GCC_PRECOMPILE_PREFIX_HEADER = YES;
				GCC_PREFIX_HEADER = "NTT Data Job Application App/NTT Data Job Application App-Prefix.pch";
				INFOPLIST_FILE = "NTT Data Job Application App/NTT Data Job Application App-Info.plist";
				LIBRARY_SEARCH_PATHS = /Library/Frameworks;
				PRODUCT_NAME = "$(TARGET_NAME)";
				PROVISIONING_PROFILE = "";
				WRAPPER_EXTENSION = app;
			};
			name = Release;
		};
		28E44AD217E3C5510084543B /* Debug */ = {
			isa = XCBuildConfiguration;
			buildSettings = {
				BUNDLE_LOADER = "$(BUILT_PRODUCTS_DIR)/NTT Data Job Application App.app/NTT Data Job Application App";
				FRAMEWORK_SEARCH_PATHS = (
					"\"$(SDKROOT)/Developer/Library/Frameworks\"",
					"\"$(DEVELOPER_LIBRARY_DIR)/Frameworks\"",
				);
				GCC_PRECOMPILE_PREFIX_HEADER = YES;
				GCC_PREFIX_HEADER = "NTT Data Job Application App/NTT Data Job Application App-Prefix.pch";
				INFOPLIST_FILE = "NTT Data Job Application AppTests/NTT Data Job Application AppTests-Info.plist";
				PRODUCT_NAME = "$(TARGET_NAME)";
				TEST_HOST = "$(BUNDLE_LOADER)";
			};
			name = Debug;
		};
		28E44AD317E3C5510084543B /* Release */ = {
			isa = XCBuildConfiguration;
			buildSettings = {
				BUNDLE_LOADER = "$(BUILT_PRODUCTS_DIR)/NTT Data Job Application App.app/NTT Data Job Application App";
				FRAMEWORK_SEARCH_PATHS = (
					"\"$(SDKROOT)/Developer/Library/Frameworks\"",
					"\"$(DEVELOPER_LIBRARY_DIR)/Frameworks\"",
				);
				GCC_PRECOMPILE_PREFIX_HEADER = YES;
				GCC_PREFIX_HEADER = "NTT Data Job Application App/NTT Data Job Application App-Prefix.pch";
				INFOPLIST_FILE = "NTT Data Job Application AppTests/NTT Data Job Application AppTests-Info.plist";
				PRODUCT_NAME = "$(TARGET_NAME)";
				TEST_HOST = "$(BUNDLE_LOADER)";
			};
			name = Release;
		};
/* End XCBuildConfiguration section */

/* Begin XCConfigurationList section */
		28E44A9117E3C5510084543B /* Build configuration list for PBXProject "NTT Data Job Application App" */ = {
			isa = XCConfigurationList;
			buildConfigurations = (
				28E44ACC17E3C5510084543B /* Debug */,
				28E44ACD17E3C5510084543B /* Release */,
			);
			defaultConfigurationIsVisible = 0;
			defaultConfigurationName = Release;
		};
		28E44ACE17E3C5510084543B /* Build configuration list for PBXNativeTarget "NTT Data Job Application App" */ = {
			isa = XCConfigurationList;
			buildConfigurations = (
				28E44ACF17E3C5510084543B /* Debug */,
				28E44AD017E3C5510084543B /* Release */,
			);
			defaultConfigurationIsVisible = 0;
			defaultConfigurationName = Release;
		};
		28E44AD117E3C5510084543B /* Build configuration list for PBXNativeTarget "NTT Data Job Application AppTests" */ = {
			isa = XCConfigurationList;
			buildConfigurations = (
				28E44AD217E3C5510084543B /* Debug */,
				28E44AD317E3C5510084543B /* Release */,
			);
			defaultConfigurationIsVisible = 0;
			defaultConfigurationName = Release;
		};
/* End XCConfigurationList section */
	};
	rootObject = 28E44A8E17E3C5510084543B /* Project object */;
}
